// !$*UTF8*$!
{
	archiveVersion = 1;
	classes = {
	};
	objectVersion = 46;
	objects = {

/* Begin PBXBuildFile section */
		9A56D16E1A77EC180026EFF3 /* HomePhotoGalleryVCCell.swift in Sources */ = {isa = PBXBuildFile; fileRef = 9A56D16D1A77EC180026EFF3 /* HomePhotoGalleryVCCell.swift */; };
		9A56D16F1A77EC180026EFF3 /* HomePhotoGalleryVCCell.swift in Sources */ = {isa = PBXBuildFile; fileRef = 9A56D16D1A77EC180026EFF3 /* HomePhotoGalleryVCCell.swift */; };
		9A75A9481A83C1920051ABB6 /* GalleryTest.swift in Sources */ = {isa = PBXBuildFile; fileRef = 9A75A9471A83C1920051ABB6 /* GalleryTest.swift */; };
		9A75A94C1A83DC3B0051ABB6 /* CommonVCTest.swift in Sources */ = {isa = PBXBuildFile; fileRef = 9A75A94B1A83DC3B0051ABB6 /* CommonVCTest.swift */; };
		9A8EFDFB1A88FDC7001FEE0A /* Application.swift in Sources */ = {isa = PBXBuildFile; fileRef = 9A8EFDE41A88FDC7001FEE0A /* Application.swift */; };
		9A8EFDFC1A88FDC7001FEE0A /* Application.swift in Sources */ = {isa = PBXBuildFile; fileRef = 9A8EFDE41A88FDC7001FEE0A /* Application.swift */; };
		9A8EFDFD1A88FDC7001FEE0A /* Channel.swift in Sources */ = {isa = PBXBuildFile; fileRef = 9A8EFDE51A88FDC7001FEE0A /* Channel.swift */; };
		9A8EFDFE1A88FDC7001FEE0A /* Channel.swift in Sources */ = {isa = PBXBuildFile; fileRef = 9A8EFDE51A88FDC7001FEE0A /* Channel.swift */; };
		9A8EFDFF1A88FDC7001FEE0A /* ChannelClient.swift in Sources */ = {isa = PBXBuildFile; fileRef = 9A8EFDE61A88FDC7001FEE0A /* ChannelClient.swift */; };
		9A8EFE001A88FDC7001FEE0A /* ChannelClient.swift in Sources */ = {isa = PBXBuildFile; fileRef = 9A8EFDE61A88FDC7001FEE0A /* ChannelClient.swift */; };
		9A8EFE011A88FDC7001FEE0A /* ChannelTransport.swift in Sources */ = {isa = PBXBuildFile; fileRef = 9A8EFDE71A88FDC7001FEE0A /* ChannelTransport.swift */; };
		9A8EFE021A88FDC7001FEE0A /* ChannelTransport.swift in Sources */ = {isa = PBXBuildFile; fileRef = 9A8EFDE71A88FDC7001FEE0A /* ChannelTransport.swift */; };
		9A8EFE031A88FDC7001FEE0A /* Device.swift in Sources */ = {isa = PBXBuildFile; fileRef = 9A8EFDE81A88FDC7001FEE0A /* Device.swift */; };
		9A8EFE041A88FDC7001FEE0A /* Device.swift in Sources */ = {isa = PBXBuildFile; fileRef = 9A8EFDE81A88FDC7001FEE0A /* Device.swift */; };
		9A8EFE051A88FDC7001FEE0A /* JSON.swift in Sources */ = {isa = PBXBuildFile; fileRef = 9A8EFDE91A88FDC7001FEE0A /* JSON.swift */; };
		9A8EFE061A88FDC7001FEE0A /* JSON.swift in Sources */ = {isa = PBXBuildFile; fileRef = 9A8EFDE91A88FDC7001FEE0A /* JSON.swift */; };
		9A8EFE071A88FDC7001FEE0A /* MDNSDiscoveryProvider.swift in Sources */ = {isa = PBXBuildFile; fileRef = 9A8EFDEA1A88FDC7001FEE0A /* MDNSDiscoveryProvider.swift */; };
		9A8EFE081A88FDC7001FEE0A /* MDNSDiscoveryProvider.swift in Sources */ = {isa = PBXBuildFile; fileRef = 9A8EFDEA1A88FDC7001FEE0A /* MDNSDiscoveryProvider.swift */; };
		9A8EFE091A88FDC7001FEE0A /* Message.swift in Sources */ = {isa = PBXBuildFile; fileRef = 9A8EFDEB1A88FDC7001FEE0A /* Message.swift */; };
		9A8EFE0A1A88FDC7001FEE0A /* Message.swift in Sources */ = {isa = PBXBuildFile; fileRef = 9A8EFDEB1A88FDC7001FEE0A /* Message.swift */; };
		9A8EFE0B1A88FDC7001FEE0A /* MSFDiscoveryProvider.swift in Sources */ = {isa = PBXBuildFile; fileRef = 9A8EFDEC1A88FDC7001FEE0A /* MSFDiscoveryProvider.swift */; };
		9A8EFE0C1A88FDC7001FEE0A /* MSFDiscoveryProvider.swift in Sources */ = {isa = PBXBuildFile; fileRef = 9A8EFDEC1A88FDC7001FEE0A /* MSFDiscoveryProvider.swift */; };
		9A8EFE0D1A88FDC7001FEE0A /* Requester.swift in Sources */ = {isa = PBXBuildFile; fileRef = 9A8EFDED1A88FDC7001FEE0A /* Requester.swift */; };
		9A8EFE0E1A88FDC7001FEE0A /* Requester.swift in Sources */ = {isa = PBXBuildFile; fileRef = 9A8EFDED1A88FDC7001FEE0A /* Requester.swift */; };
		9A8EFE0F1A88FDC7001FEE0A /* RPCMessaje.swift in Sources */ = {isa = PBXBuildFile; fileRef = 9A8EFDEE1A88FDC7001FEE0A /* RPCMessaje.swift */; };
		9A8EFE101A88FDC7001FEE0A /* RPCMessaje.swift in Sources */ = {isa = PBXBuildFile; fileRef = 9A8EFDEE1A88FDC7001FEE0A /* RPCMessaje.swift */; };
		9A8EFE111A88FDC7001FEE0A /* Service.swift in Sources */ = {isa = PBXBuildFile; fileRef = 9A8EFDEF1A88FDC7001FEE0A /* Service.swift */; };
		9A8EFE121A88FDC7001FEE0A /* Service.swift in Sources */ = {isa = PBXBuildFile; fileRef = 9A8EFDEF1A88FDC7001FEE0A /* Service.swift */; };
		9A8EFE131A88FDC7001FEE0A /* ServiceSearch.swift in Sources */ = {isa = PBXBuildFile; fileRef = 9A8EFDF01A88FDC7001FEE0A /* ServiceSearch.swift */; };
		9A8EFE141A88FDC7001FEE0A /* ServiceSearch.swift in Sources */ = {isa = PBXBuildFile; fileRef = 9A8EFDF01A88FDC7001FEE0A /* ServiceSearch.swift */; };
		9A8EFE151A88FDC7001FEE0A /* WebSocketTransport.swift in Sources */ = {isa = PBXBuildFile; fileRef = 9A8EFDF11A88FDC7001FEE0A /* WebSocketTransport.swift */; };
		9A8EFE161A88FDC7001FEE0A /* WebSocketTransport.swift in Sources */ = {isa = PBXBuildFile; fileRef = 9A8EFDF11A88FDC7001FEE0A /* WebSocketTransport.swift */; };
		9A8EFE171A88FDC7001FEE0A /* GCDAsyncUdpSocket.m in Sources */ = {isa = PBXBuildFile; fileRef = 9A8EFDF51A88FDC7001FEE0A /* GCDAsyncUdpSocket.m */; };
		9A8EFE181A88FDC7001FEE0A /* GCDAsyncUdpSocket.m in Sources */ = {isa = PBXBuildFile; fileRef = 9A8EFDF51A88FDC7001FEE0A /* GCDAsyncUdpSocket.m */; };
		9A8EFE191A88FDC7001FEE0A /* README.markdown in Sources */ = {isa = PBXBuildFile; fileRef = 9A8EFDF61A88FDC7001FEE0A /* README.markdown */; };
		9A8EFE1A1A88FDC7001FEE0A /* README.markdown in Sources */ = {isa = PBXBuildFile; fileRef = 9A8EFDF61A88FDC7001FEE0A /* README.markdown */; };
		9A8EFE1B1A88FDC7001FEE0A /* LICENSE in Resources */ = {isa = PBXBuildFile; fileRef = 9A8EFDF81A88FDC7001FEE0A /* LICENSE */; };
		9A8EFE1C1A88FDC7001FEE0A /* LICENSE in Resources */ = {isa = PBXBuildFile; fileRef = 9A8EFDF81A88FDC7001FEE0A /* LICENSE */; };
		9A8EFE1D1A88FDC7001FEE0A /* README.md in Sources */ = {isa = PBXBuildFile; fileRef = 9A8EFDF91A88FDC7001FEE0A /* README.md */; };
		9A8EFE1E1A88FDC7001FEE0A /* README.md in Sources */ = {isa = PBXBuildFile; fileRef = 9A8EFDF91A88FDC7001FEE0A /* README.md */; };
		9A8EFE1F1A88FDC7001FEE0A /* WebSocket.swift in Sources */ = {isa = PBXBuildFile; fileRef = 9A8EFDFA1A88FDC7001FEE0A /* WebSocket.swift */; };
		9A8EFE201A88FDC7001FEE0A /* WebSocket.swift in Sources */ = {isa = PBXBuildFile; fileRef = 9A8EFDFA1A88FDC7001FEE0A /* WebSocket.swift */; };
		9A8EFE251A891E33001FEE0A /* Roboto-Italic.ttf in Resources */ = {isa = PBXBuildFile; fileRef = 9A8EFE241A891E33001FEE0A /* Roboto-Italic.ttf */; };
		9AC49E591A71A5A800F391C0 /* AppDelegate.swift in Sources */ = {isa = PBXBuildFile; fileRef = 9AC49E581A71A5A800F391C0 /* AppDelegate.swift */; };
		9AC49E5B1A71A5A800F391C0 /* ViewController.swift in Sources */ = {isa = PBXBuildFile; fileRef = 9AC49E5A1A71A5A800F391C0 /* ViewController.swift */; };
		9AC49E5E1A71A5A800F391C0 /* Main.storyboard in Resources */ = {isa = PBXBuildFile; fileRef = 9AC49E5C1A71A5A800F391C0 /* Main.storyboard */; };
		9AC49E601A71A5A800F391C0 /* Images.xcassets in Resources */ = {isa = PBXBuildFile; fileRef = 9AC49E5F1A71A5A800F391C0 /* Images.xcassets */; };
		9AC49E631A71A5A800F391C0 /* LaunchScreen.xib in Resources */ = {isa = PBXBuildFile; fileRef = 9AC49E611A71A5A800F391C0 /* LaunchScreen.xib */; };
		9AC49EB81A71A60D00F391C0 /* Gallery.swift in Sources */ = {isa = PBXBuildFile; fileRef = 9AC49EA61A71A60D00F391C0 /* Gallery.swift */; };
		9AC49EB91A71A60D00F391C0 /* Gallery.swift in Sources */ = {isa = PBXBuildFile; fileRef = 9AC49EA61A71A60D00F391C0 /* Gallery.swift */; };
		9AC49EBC1A71A60D00F391C0 /* MultiScreenManager.swift in Sources */ = {isa = PBXBuildFile; fileRef = 9AC49EA81A71A60D00F391C0 /* MultiScreenManager.swift */; };
		9AC49EBD1A71A60D00F391C0 /* MultiScreenManager.swift in Sources */ = {isa = PBXBuildFile; fileRef = 9AC49EA81A71A60D00F391C0 /* MultiScreenManager.swift */; };
		9AC49EBE1A71A60D00F391C0 /* CommonVC.swift in Sources */ = {isa = PBXBuildFile; fileRef = 9AC49EAB1A71A60D00F391C0 /* CommonVC.swift */; };
		9AC49EBF1A71A60D00F391C0 /* CommonVC.swift in Sources */ = {isa = PBXBuildFile; fileRef = 9AC49EAB1A71A60D00F391C0 /* CommonVC.swift */; };
		9AC49EC01A71A60D00F391C0 /* HomePhotoGalleryVC.swift in Sources */ = {isa = PBXBuildFile; fileRef = 9AC49EAD1A71A60D00F391C0 /* HomePhotoGalleryVC.swift */; };
		9AC49EC11A71A60D00F391C0 /* HomePhotoGalleryVC.swift in Sources */ = {isa = PBXBuildFile; fileRef = 9AC49EAD1A71A60D00F391C0 /* HomePhotoGalleryVC.swift */; };
		9AC49EC61A71A60D00F391C0 /* WelcomeView.swift in Sources */ = {isa = PBXBuildFile; fileRef = 9AC49EB11A71A60D00F391C0 /* WelcomeView.swift */; };
		9AC49EC71A71A60D00F391C0 /* WelcomeView.swift in Sources */ = {isa = PBXBuildFile; fileRef = 9AC49EB11A71A60D00F391C0 /* WelcomeView.swift */; };
		9AC49EC81A71A60D00F391C0 /* WelcomeView.xib in Resources */ = {isa = PBXBuildFile; fileRef = 9AC49EB21A71A60D00F391C0 /* WelcomeView.xib */; };
		9AC49EC91A71A60D00F391C0 /* WelcomeView.xib in Resources */ = {isa = PBXBuildFile; fileRef = 9AC49EB21A71A60D00F391C0 /* WelcomeView.xib */; };
		9AC49ECA1A71A60D00F391C0 /* PhotoFullScreenPagerVC.swift in Sources */ = {isa = PBXBuildFile; fileRef = 9AC49EB41A71A60D00F391C0 /* PhotoFullScreenPagerVC.swift */; };
		9AC49ECB1A71A60D00F391C0 /* PhotoFullScreenPagerVC.swift in Sources */ = {isa = PBXBuildFile; fileRef = 9AC49EB41A71A60D00F391C0 /* PhotoFullScreenPagerVC.swift */; };
		9AC49ECC1A71A60D00F391C0 /* PhotoFullScreenVC.swift in Sources */ = {isa = PBXBuildFile; fileRef = 9AC49EB51A71A60D00F391C0 /* PhotoFullScreenVC.swift */; };
		9AC49ECD1A71A60D00F391C0 /* PhotoFullScreenVC.swift in Sources */ = {isa = PBXBuildFile; fileRef = 9AC49EB51A71A60D00F391C0 /* PhotoFullScreenVC.swift */; };
		9AC7F2D01A7C2A3F00CBC946 /* Roboto-Light.ttf in Resources */ = {isa = PBXBuildFile; fileRef = 9AC7F2CF1A7C2A3F00CBC946 /* Roboto-Light.ttf */; };
		9AC7F2D11A7C2A3F00CBC946 /* Roboto-Light.ttf in Resources */ = {isa = PBXBuildFile; fileRef = 9AC7F2CF1A7C2A3F00CBC946 /* Roboto-Light.ttf */; };
		9AC7F2D31A805C9E00CBC946 /* HomePhotoGalleryHeaderView.xib in Resources */ = {isa = PBXBuildFile; fileRef = 9AC7F2D21A805C9E00CBC946 /* HomePhotoGalleryHeaderView.xib */; };
		9AC7F2D41A805C9E00CBC946 /* HomePhotoGalleryHeaderView.xib in Resources */ = {isa = PBXBuildFile; fileRef = 9AC7F2D21A805C9E00CBC946 /* HomePhotoGalleryHeaderView.xib */; };
		9AC7F2D61A805CAA00CBC946 /* HomePhotoGalleryHeaderView.swift in Sources */ = {isa = PBXBuildFile; fileRef = 9AC7F2D51A805CAA00CBC946 /* HomePhotoGalleryHeaderView.swift */; };
		9AC7F2D71A805CAA00CBC946 /* HomePhotoGalleryHeaderView.swift in Sources */ = {isa = PBXBuildFile; fileRef = 9AC7F2D51A805CAA00CBC946 /* HomePhotoGalleryHeaderView.swift */; };
		9AD36FEA1A8A9FDA00111DA9 /* MoreScreenVC.swift in Sources */ = {isa = PBXBuildFile; fileRef = 9AD36FE91A8A9FDA00111DA9 /* MoreScreenVC.swift */; };
		9AD36FEB1A8A9FDA00111DA9 /* MoreScreenVC.swift in Sources */ = {isa = PBXBuildFile; fileRef = 9AD36FE91A8A9FDA00111DA9 /* MoreScreenVC.swift */; };
		9AD36FF01A8AABBD00111DA9 /* CompatibleTvsList.plist in Resources */ = {isa = PBXBuildFile; fileRef = 9AD36FED1A8AABBD00111DA9 /* CompatibleTvsList.plist */; };
		9AD36FF11A8AABBD00111DA9 /* CompatibleTvsList.plist in Resources */ = {isa = PBXBuildFile; fileRef = 9AD36FED1A8AABBD00111DA9 /* CompatibleTvsList.plist */; };
		9AD36FF21A8AABBD00111DA9 /* CompatibleTVsView.swift in Sources */ = {isa = PBXBuildFile; fileRef = 9AD36FEE1A8AABBD00111DA9 /* CompatibleTVsView.swift */; };
		9AD36FF31A8AABBD00111DA9 /* CompatibleTVsView.swift in Sources */ = {isa = PBXBuildFile; fileRef = 9AD36FEE1A8AABBD00111DA9 /* CompatibleTVsView.swift */; };
		9AD36FF41A8AABBD00111DA9 /* CompatibleTVsView.xib in Resources */ = {isa = PBXBuildFile; fileRef = 9AD36FEF1A8AABBD00111DA9 /* CompatibleTVsView.xib */; };
		9AD36FF51A8AABBD00111DA9 /* CompatibleTVsView.xib in Resources */ = {isa = PBXBuildFile; fileRef = 9AD36FEF1A8AABBD00111DA9 /* CompatibleTVsView.xib */; };
		9AD370031A8BC5F900111DA9 /* ServicesView.swift in Sources */ = {isa = PBXBuildFile; fileRef = 9AD370011A8BC5F900111DA9 /* ServicesView.swift */; };
		9AD370041A8BC5F900111DA9 /* ServicesView.swift in Sources */ = {isa = PBXBuildFile; fileRef = 9AD370011A8BC5F900111DA9 /* ServicesView.swift */; };
		9AD370051A8BC5F900111DA9 /* ServicesView.xib in Resources */ = {isa = PBXBuildFile; fileRef = 9AD370021A8BC5F900111DA9 /* ServicesView.xib */; };
		9AD370061A8BC5F900111DA9 /* ServicesView.xib in Resources */ = {isa = PBXBuildFile; fileRef = 9AD370021A8BC5F900111DA9 /* ServicesView.xib */; };
/* End PBXBuildFile section */

/* Begin PBXContainerItemProxy section */
		9AC49E691A71A5A800F391C0 /* PBXContainerItemProxy */ = {
			isa = PBXContainerItemProxy;
			containerPortal = 9AC49E4B1A71A5A800F391C0 /* Project object */;
			proxyType = 1;
			remoteGlobalIDString = 9AC49E521A71A5A800F391C0;
			remoteInfo = MultiScreenPhoto;
		};
/* End PBXContainerItemProxy section */

/* Begin PBXFileReference section */
		9A56D16D1A77EC180026EFF3 /* HomePhotoGalleryVCCell.swift */ = {isa = PBXFileReference; fileEncoding = 4; lastKnownFileType = sourcecode.swift; path = HomePhotoGalleryVCCell.swift; sourceTree = "<group>"; };
		9A75A9471A83C1920051ABB6 /* GalleryTest.swift */ = {isa = PBXFileReference; fileEncoding = 4; lastKnownFileType = sourcecode.swift; path = GalleryTest.swift; sourceTree = "<group>"; };
		9A75A94B1A83DC3B0051ABB6 /* CommonVCTest.swift */ = {isa = PBXFileReference; fileEncoding = 4; lastKnownFileType = sourcecode.swift; path = CommonVCTest.swift; sourceTree = "<group>"; };
		9A8EFDE41A88FDC7001FEE0A /* Application.swift */ = {isa = PBXFileReference; fileEncoding = 4; lastKnownFileType = sourcecode.swift; path = Application.swift; sourceTree = "<group>"; };
		9A8EFDE51A88FDC7001FEE0A /* Channel.swift */ = {isa = PBXFileReference; fileEncoding = 4; lastKnownFileType = sourcecode.swift; path = Channel.swift; sourceTree = "<group>"; };
		9A8EFDE61A88FDC7001FEE0A /* ChannelClient.swift */ = {isa = PBXFileReference; fileEncoding = 4; lastKnownFileType = sourcecode.swift; path = ChannelClient.swift; sourceTree = "<group>"; };
		9A8EFDE71A88FDC7001FEE0A /* ChannelTransport.swift */ = {isa = PBXFileReference; fileEncoding = 4; lastKnownFileType = sourcecode.swift; path = ChannelTransport.swift; sourceTree = "<group>"; };
		9A8EFDE81A88FDC7001FEE0A /* Device.swift */ = {isa = PBXFileReference; fileEncoding = 4; lastKnownFileType = sourcecode.swift; path = Device.swift; sourceTree = "<group>"; };
		9A8EFDE91A88FDC7001FEE0A /* JSON.swift */ = {isa = PBXFileReference; fileEncoding = 4; lastKnownFileType = sourcecode.swift; path = JSON.swift; sourceTree = "<group>"; };
		9A8EFDEA1A88FDC7001FEE0A /* MDNSDiscoveryProvider.swift */ = {isa = PBXFileReference; fileEncoding = 4; lastKnownFileType = sourcecode.swift; path = MDNSDiscoveryProvider.swift; sourceTree = "<group>"; };
		9A8EFDEB1A88FDC7001FEE0A /* Message.swift */ = {isa = PBXFileReference; fileEncoding = 4; lastKnownFileType = sourcecode.swift; path = Message.swift; sourceTree = "<group>"; };
		9A8EFDEC1A88FDC7001FEE0A /* MSFDiscoveryProvider.swift */ = {isa = PBXFileReference; fileEncoding = 4; lastKnownFileType = sourcecode.swift; path = MSFDiscoveryProvider.swift; sourceTree = "<group>"; };
		9A8EFDED1A88FDC7001FEE0A /* Requester.swift */ = {isa = PBXFileReference; fileEncoding = 4; lastKnownFileType = sourcecode.swift; path = Requester.swift; sourceTree = "<group>"; };
		9A8EFDEE1A88FDC7001FEE0A /* RPCMessaje.swift */ = {isa = PBXFileReference; fileEncoding = 4; lastKnownFileType = sourcecode.swift; path = RPCMessaje.swift; sourceTree = "<group>"; };
		9A8EFDEF1A88FDC7001FEE0A /* Service.swift */ = {isa = PBXFileReference; fileEncoding = 4; lastKnownFileType = sourcecode.swift; path = Service.swift; sourceTree = "<group>"; };
		9A8EFDF01A88FDC7001FEE0A /* ServiceSearch.swift */ = {isa = PBXFileReference; fileEncoding = 4; lastKnownFileType = sourcecode.swift; path = ServiceSearch.swift; sourceTree = "<group>"; };
		9A8EFDF11A88FDC7001FEE0A /* WebSocketTransport.swift */ = {isa = PBXFileReference; fileEncoding = 4; lastKnownFileType = sourcecode.swift; path = WebSocketTransport.swift; sourceTree = "<group>"; };
		9A8EFDF41A88FDC7001FEE0A /* GCDAsyncUdpSocket.h */ = {isa = PBXFileReference; fileEncoding = 4; lastKnownFileType = sourcecode.c.h; path = GCDAsyncUdpSocket.h; sourceTree = "<group>"; };
		9A8EFDF51A88FDC7001FEE0A /* GCDAsyncUdpSocket.m */ = {isa = PBXFileReference; fileEncoding = 4; lastKnownFileType = sourcecode.c.objc; path = GCDAsyncUdpSocket.m; sourceTree = "<group>"; };
		9A8EFDF61A88FDC7001FEE0A /* README.markdown */ = {isa = PBXFileReference; fileEncoding = 4; lastKnownFileType = net.daringfireball.markdown; path = README.markdown; sourceTree = "<group>"; };
		9A8EFDF81A88FDC7001FEE0A /* LICENSE */ = {isa = PBXFileReference; fileEncoding = 4; lastKnownFileType = text; path = LICENSE; sourceTree = "<group>"; };
		9A8EFDF91A88FDC7001FEE0A /* README.md */ = {isa = PBXFileReference; fileEncoding = 4; lastKnownFileType = net.daringfireball.markdown; path = README.md; sourceTree = "<group>"; };
		9A8EFDFA1A88FDC7001FEE0A /* WebSocket.swift */ = {isa = PBXFileReference; fileEncoding = 4; lastKnownFileType = sourcecode.swift; path = WebSocket.swift; sourceTree = "<group>"; };
		9A8EFE231A8901C6001FEE0A /* MultiScreenPhoto-Bridging-Header.h */ = {isa = PBXFileReference; fileEncoding = 4; lastKnownFileType = sourcecode.c.h; path = "MultiScreenPhoto-Bridging-Header.h"; sourceTree = "<group>"; };
		9A8EFE241A891E33001FEE0A /* Roboto-Italic.ttf */ = {isa = PBXFileReference; lastKnownFileType = file; path = "Roboto-Italic.ttf"; sourceTree = "<group>"; };
		9AC49E531A71A5A800F391C0 /* MultiScreenPhoto.app */ = {isa = PBXFileReference; explicitFileType = wrapper.application; includeInIndex = 0; path = MultiScreenPhoto.app; sourceTree = BUILT_PRODUCTS_DIR; };
		9AC49E571A71A5A800F391C0 /* Info.plist */ = {isa = PBXFileReference; lastKnownFileType = text.plist.xml; path = Info.plist; sourceTree = "<group>"; };
		9AC49E581A71A5A800F391C0 /* AppDelegate.swift */ = {isa = PBXFileReference; lastKnownFileType = sourcecode.swift; path = AppDelegate.swift; sourceTree = "<group>"; };
		9AC49E5A1A71A5A800F391C0 /* ViewController.swift */ = {isa = PBXFileReference; lastKnownFileType = sourcecode.swift; path = ViewController.swift; sourceTree = "<group>"; };
		9AC49E5D1A71A5A800F391C0 /* Base */ = {isa = PBXFileReference; lastKnownFileType = file.storyboard; name = Base; path = Base.lproj/Main.storyboard; sourceTree = "<group>"; };
		9AC49E5F1A71A5A800F391C0 /* Images.xcassets */ = {isa = PBXFileReference; lastKnownFileType = folder.assetcatalog; path = Images.xcassets; sourceTree = "<group>"; };
		9AC49E621A71A5A800F391C0 /* Base */ = {isa = PBXFileReference; lastKnownFileType = file.xib; name = Base; path = Base.lproj/LaunchScreen.xib; sourceTree = "<group>"; };
		9AC49E681A71A5A800F391C0 /* MultiScreenPhotoTests.xctest */ = {isa = PBXFileReference; explicitFileType = wrapper.cfbundle; includeInIndex = 0; path = MultiScreenPhotoTests.xctest; sourceTree = BUILT_PRODUCTS_DIR; };
		9AC49E6D1A71A5A800F391C0 /* Info.plist */ = {isa = PBXFileReference; lastKnownFileType = text.plist.xml; path = Info.plist; sourceTree = "<group>"; };
		9AC49EA61A71A60D00F391C0 /* Gallery.swift */ = {isa = PBXFileReference; fileEncoding = 4; lastKnownFileType = sourcecode.swift; path = Gallery.swift; sourceTree = "<group>"; };
		9AC49EA81A71A60D00F391C0 /* MultiScreenManager.swift */ = {isa = PBXFileReference; fileEncoding = 4; lastKnownFileType = sourcecode.swift; path = MultiScreenManager.swift; sourceTree = "<group>"; };
		9AC49EAB1A71A60D00F391C0 /* CommonVC.swift */ = {isa = PBXFileReference; fileEncoding = 4; lastKnownFileType = sourcecode.swift; path = CommonVC.swift; sourceTree = "<group>"; };
		9AC49EAD1A71A60D00F391C0 /* HomePhotoGalleryVC.swift */ = {isa = PBXFileReference; fileEncoding = 4; lastKnownFileType = sourcecode.swift; path = HomePhotoGalleryVC.swift; sourceTree = "<group>"; };
		9AC49EB11A71A60D00F391C0 /* WelcomeView.swift */ = {isa = PBXFileReference; fileEncoding = 4; lastKnownFileType = sourcecode.swift; path = WelcomeView.swift; sourceTree = "<group>"; };
		9AC49EB21A71A60D00F391C0 /* WelcomeView.xib */ = {isa = PBXFileReference; fileEncoding = 4; lastKnownFileType = file.xib; path = WelcomeView.xib; sourceTree = "<group>"; };
		9AC49EB41A71A60D00F391C0 /* PhotoFullScreenPagerVC.swift */ = {isa = PBXFileReference; fileEncoding = 4; lastKnownFileType = sourcecode.swift; path = PhotoFullScreenPagerVC.swift; sourceTree = "<group>"; };
		9AC49EB51A71A60D00F391C0 /* PhotoFullScreenVC.swift */ = {isa = PBXFileReference; fileEncoding = 4; lastKnownFileType = sourcecode.swift; path = PhotoFullScreenVC.swift; sourceTree = "<group>"; };
		9AC7F2CF1A7C2A3F00CBC946 /* Roboto-Light.ttf */ = {isa = PBXFileReference; lastKnownFileType = file; path = "Roboto-Light.ttf"; sourceTree = "<group>"; };
		9AC7F2D21A805C9E00CBC946 /* HomePhotoGalleryHeaderView.xib */ = {isa = PBXFileReference; fileEncoding = 4; lastKnownFileType = file.xib; path = HomePhotoGalleryHeaderView.xib; sourceTree = "<group>"; };
		9AC7F2D51A805CAA00CBC946 /* HomePhotoGalleryHeaderView.swift */ = {isa = PBXFileReference; fileEncoding = 4; lastKnownFileType = sourcecode.swift; path = HomePhotoGalleryHeaderView.swift; sourceTree = "<group>"; };
		9AD36FE91A8A9FDA00111DA9 /* MoreScreenVC.swift */ = {isa = PBXFileReference; fileEncoding = 4; lastKnownFileType = sourcecode.swift; path = MoreScreenVC.swift; sourceTree = "<group>"; };
		9AD36FED1A8AABBD00111DA9 /* CompatibleTvsList.plist */ = {isa = PBXFileReference; fileEncoding = 4; lastKnownFileType = text.plist.xml; path = CompatibleTvsList.plist; sourceTree = "<group>"; };
		9AD36FEE1A8AABBD00111DA9 /* CompatibleTVsView.swift */ = {isa = PBXFileReference; fileEncoding = 4; lastKnownFileType = sourcecode.swift; path = CompatibleTVsView.swift; sourceTree = "<group>"; };
		9AD36FEF1A8AABBD00111DA9 /* CompatibleTVsView.xib */ = {isa = PBXFileReference; fileEncoding = 4; lastKnownFileType = file.xib; path = CompatibleTVsView.xib; sourceTree = "<group>"; };
		9AD370011A8BC5F900111DA9 /* ServicesView.swift */ = {isa = PBXFileReference; fileEncoding = 4; lastKnownFileType = sourcecode.swift; path = ServicesView.swift; sourceTree = "<group>"; };
		9AD370021A8BC5F900111DA9 /* ServicesView.xib */ = {isa = PBXFileReference; fileEncoding = 4; lastKnownFileType = file.xib; path = ServicesView.xib; sourceTree = "<group>"; };
/* End PBXFileReference section */

/* Begin PBXFrameworksBuildPhase section */
		9AC49E501A71A5A800F391C0 /* Frameworks */ = {
			isa = PBXFrameworksBuildPhase;
			buildActionMask = 2147483647;
			files = (
			);
			runOnlyForDeploymentPostprocessing = 0;
		};
		9AC49E651A71A5A800F391C0 /* Frameworks */ = {
			isa = PBXFrameworksBuildPhase;
			buildActionMask = 2147483647;
			files = (
			);
			runOnlyForDeploymentPostprocessing = 0;
		};
/* End PBXFrameworksBuildPhase section */

/* Begin PBXGroup section */
		9A8EFDE31A88FDC7001FEE0A /* common */ = {
			isa = PBXGroup;
			children = (
				9A8EFDE41A88FDC7001FEE0A /* Application.swift */,
				9A8EFDE51A88FDC7001FEE0A /* Channel.swift */,
				9A8EFDE61A88FDC7001FEE0A /* ChannelClient.swift */,
				9A8EFDE71A88FDC7001FEE0A /* ChannelTransport.swift */,
				9A8EFDE81A88FDC7001FEE0A /* Device.swift */,
				9A8EFDE91A88FDC7001FEE0A /* JSON.swift */,
				9A8EFDEA1A88FDC7001FEE0A /* MDNSDiscoveryProvider.swift */,
				9A8EFDEB1A88FDC7001FEE0A /* Message.swift */,
				9A8EFDEC1A88FDC7001FEE0A /* MSFDiscoveryProvider.swift */,
				9A8EFDED1A88FDC7001FEE0A /* Requester.swift */,
				9A8EFDEE1A88FDC7001FEE0A /* RPCMessaje.swift */,
				9A8EFDEF1A88FDC7001FEE0A /* Service.swift */,
				9A8EFDF01A88FDC7001FEE0A /* ServiceSearch.swift */,
				9A8EFDF11A88FDC7001FEE0A /* WebSocketTransport.swift */,
			);
			path = common;
			sourceTree = "<group>";
		};
		9A8EFDF21A88FDC7001FEE0A /* deps */ = {
			isa = PBXGroup;
			children = (
				9A8EFDF31A88FDC7001FEE0A /* CocoaAsyncSocket */,
				9A8EFDF71A88FDC7001FEE0A /* starscream */,
			);
			path = deps;
			sourceTree = "<group>";
		};
		9A8EFDF31A88FDC7001FEE0A /* CocoaAsyncSocket */ = {
			isa = PBXGroup;
			children = (
				9A8EFDF41A88FDC7001FEE0A /* GCDAsyncUdpSocket.h */,
				9A8EFDF51A88FDC7001FEE0A /* GCDAsyncUdpSocket.m */,
				9A8EFDF61A88FDC7001FEE0A /* README.markdown */,
			);
			path = CocoaAsyncSocket;
			sourceTree = "<group>";
		};
		9A8EFDF71A88FDC7001FEE0A /* starscream */ = {
			isa = PBXGroup;
			children = (
				9A8EFDF81A88FDC7001FEE0A /* LICENSE */,
				9A8EFDF91A88FDC7001FEE0A /* README.md */,
				9A8EFDFA1A88FDC7001FEE0A /* WebSocket.swift */,
			);
			path = starscream;
			sourceTree = "<group>";
		};
		9AC49E4A1A71A5A800F391C0 = {
			isa = PBXGroup;
			children = (
				9AC49E551A71A5A800F391C0 /* MultiScreenPhoto */,
				9AC49E6B1A71A5A800F391C0 /* MultiScreenPhotoTests */,
				9AC49E541A71A5A800F391C0 /* Products */,
			);
			sourceTree = "<group>";
		};
		9AC49E541A71A5A800F391C0 /* Products */ = {
			isa = PBXGroup;
			children = (
				9AC49E531A71A5A800F391C0 /* MultiScreenPhoto.app */,
				9AC49E681A71A5A800F391C0 /* MultiScreenPhotoTests.xctest */,
			);
			name = Products;
			sourceTree = "<group>";
		};
		9AC49E551A71A5A800F391C0 /* MultiScreenPhoto */ = {
			isa = PBXGroup;
			children = (
				9AC49EA51A71A60D00F391C0 /* Model */,
				9AC49EA91A71A60D00F391C0 /* ViewControllers */,
				9AC49E781A71A5F500F391C0 /* Frameworks */,
				9AC49E581A71A5A800F391C0 /* AppDelegate.swift */,
				9AC49E5A1A71A5A800F391C0 /* ViewController.swift */,
				9AC49E5C1A71A5A800F391C0 /* Main.storyboard */,
				9AC49E5F1A71A5A800F391C0 /* Images.xcassets */,
				9AC49E611A71A5A800F391C0 /* LaunchScreen.xib */,
				9AC49E561A71A5A800F391C0 /* Supporting Files */,
			);
			path = MultiScreenPhoto;
			sourceTree = "<group>";
		};
		9AC49E561A71A5A800F391C0 /* Supporting Files */ = {
			isa = PBXGroup;
			children = (
				9A8EFE231A8901C6001FEE0A /* MultiScreenPhoto-Bridging-Header.h */,
				9A8EFE241A891E33001FEE0A /* Roboto-Italic.ttf */,
				9AC7F2CF1A7C2A3F00CBC946 /* Roboto-Light.ttf */,
				9AC49E571A71A5A800F391C0 /* Info.plist */,
			);
			name = "Supporting Files";
			sourceTree = "<group>";
		};
		9AC49E6B1A71A5A800F391C0 /* MultiScreenPhotoTests */ = {
			isa = PBXGroup;
			children = (
				9A75A9471A83C1920051ABB6 /* GalleryTest.swift */,
				9A75A94B1A83DC3B0051ABB6 /* CommonVCTest.swift */,
				9AC49E6C1A71A5A800F391C0 /* Supporting Files */,
			);
			path = MultiScreenPhotoTests;
			sourceTree = "<group>";
		};
		9AC49E6C1A71A5A800F391C0 /* Supporting Files */ = {
			isa = PBXGroup;
			children = (
				9AC49E6D1A71A5A800F391C0 /* Info.plist */,
			);
			name = "Supporting Files";
			sourceTree = "<group>";
		};
		9AC49E781A71A5F500F391C0 /* Frameworks */ = {
			isa = PBXGroup;
			children = (
				9AC49E791A71A60000F391C0 /* MSF */,
			);
			path = Frameworks;
			sourceTree = "<group>";
		};
		9AC49E791A71A60000F391C0 /* MSF */ = {
			isa = PBXGroup;
			children = (
				9A8EFDE31A88FDC7001FEE0A /* common */,
				9A8EFDF21A88FDC7001FEE0A /* deps */,
			);
			path = MSF;
			sourceTree = "<group>";
		};
		9AC49EA51A71A60D00F391C0 /* Model */ = {
			isa = PBXGroup;
			children = (
				9AC49EA61A71A60D00F391C0 /* Gallery.swift */,
				9AC49EA81A71A60D00F391C0 /* MultiScreenManager.swift */,
			);
			path = Model;
			sourceTree = "<group>";
		};
		9AC49EA91A71A60D00F391C0 /* ViewControllers */ = {
			isa = PBXGroup;
			children = (
				9AC49EAA1A71A60D00F391C0 /* CommonVC */,
				9AD36FE81A8A9FC000111DA9 /* MoreScreenVC */,
				9AD370001A8BC5F900111DA9 /* ServicesView */,
				9AC49EAC1A71A60D00F391C0 /* HomePhotoGalleryCVC */,
			);
			path = ViewControllers;
			sourceTree = "<group>";
		};
		9AC49EAA1A71A60D00F391C0 /* CommonVC */ = {
			isa = PBXGroup;
			children = (
				9AC49EAB1A71A60D00F391C0 /* CommonVC.swift */,
			);
			path = CommonVC;
			sourceTree = "<group>";
		};
		9AC49EAC1A71A60D00F391C0 /* HomePhotoGalleryCVC */ = {
			isa = PBXGroup;
			children = (
				9AC49EB01A71A60D00F391C0 /* WelcomeView */,
				9AC49EAD1A71A60D00F391C0 /* HomePhotoGalleryVC.swift */,
				9A56D16D1A77EC180026EFF3 /* HomePhotoGalleryVCCell.swift */,
				9AC7F2D21A805C9E00CBC946 /* HomePhotoGalleryHeaderView.xib */,
				9AC7F2D51A805CAA00CBC946 /* HomePhotoGalleryHeaderView.swift */,
				9AC49EB31A71A60D00F391C0 /* PhotoGalleryDetailsVC */,
			);
			path = HomePhotoGalleryCVC;
			sourceTree = "<group>";
		};
		9AC49EB01A71A60D00F391C0 /* WelcomeView */ = {
			isa = PBXGroup;
			children = (
				9AC49EB11A71A60D00F391C0 /* WelcomeView.swift */,
				9AC49EB21A71A60D00F391C0 /* WelcomeView.xib */,
			);
			path = WelcomeView;
			sourceTree = "<group>";
		};
		9AC49EB31A71A60D00F391C0 /* PhotoGalleryDetailsVC */ = {
			isa = PBXGroup;
			children = (
				9AC49EB41A71A60D00F391C0 /* PhotoFullScreenPagerVC.swift */,
				9AC49EB51A71A60D00F391C0 /* PhotoFullScreenVC.swift */,
			);
			name = PhotoGalleryDetailsVC;
			path = ../PhotoGalleryDetailsVC;
			sourceTree = "<group>";
		};
		9AD36FE81A8A9FC000111DA9 /* MoreScreenVC */ = {
			isa = PBXGroup;
			children = (
				9AD36FEC1A8AABBD00111DA9 /* CompatibleTVsView */,
				9AD36FE91A8A9FDA00111DA9 /* MoreScreenVC.swift */,
			);
			path = MoreScreenVC;
			sourceTree = "<group>";
		};
		9AD36FEC1A8AABBD00111DA9 /* CompatibleTVsView */ = {
			isa = PBXGroup;
			children = (
				9AD36FED1A8AABBD00111DA9 /* CompatibleTvsList.plist */,
				9AD36FEE1A8AABBD00111DA9 /* CompatibleTVsView.swift */,
				9AD36FEF1A8AABBD00111DA9 /* CompatibleTVsView.xib */,
			);
			path = CompatibleTVsView;
			sourceTree = "<group>";
		};
		9AD370001A8BC5F900111DA9 /* ServicesView */ = {
			isa = PBXGroup;
			children = (
				9AD370011A8BC5F900111DA9 /* ServicesView.swift */,
				9AD370021A8BC5F900111DA9 /* ServicesView.xib */,
			);
			path = ServicesView;
			sourceTree = "<group>";
		};
/* End PBXGroup section */

/* Begin PBXNativeTarget section */
		9AC49E521A71A5A800F391C0 /* MultiScreenPhoto */ = {
			isa = PBXNativeTarget;
			buildConfigurationList = 9AC49E721A71A5A800F391C0 /* Build configuration list for PBXNativeTarget "MultiScreenPhoto" */;
			buildPhases = (
				9AC49E4F1A71A5A800F391C0 /* Sources */,
				9AC49E501A71A5A800F391C0 /* Frameworks */,
				9AC49E511A71A5A800F391C0 /* Resources */,
			);
			buildRules = (
			);
			dependencies = (
			);
			name = MultiScreenPhoto;
			productName = MultiScreenPhoto;
			productReference = 9AC49E531A71A5A800F391C0 /* MultiScreenPhoto.app */;
			productType = "com.apple.product-type.application";
		};
		9AC49E671A71A5A800F391C0 /* MultiScreenPhotoTests */ = {
			isa = PBXNativeTarget;
			buildConfigurationList = 9AC49E751A71A5A800F391C0 /* Build configuration list for PBXNativeTarget "MultiScreenPhotoTests" */;
			buildPhases = (
				9AC49E641A71A5A800F391C0 /* Sources */,
				9AC49E651A71A5A800F391C0 /* Frameworks */,
				9AC49E661A71A5A800F391C0 /* Resources */,
			);
			buildRules = (
			);
			dependencies = (
				9AC49E6A1A71A5A800F391C0 /* PBXTargetDependency */,
			);
			name = MultiScreenPhotoTests;
			productName = MultiScreenPhotoTests;
			productReference = 9AC49E681A71A5A800F391C0 /* MultiScreenPhotoTests.xctest */;
			productType = "com.apple.product-type.bundle.unit-test";
		};
/* End PBXNativeTarget section */

/* Begin PBXProject section */
		9AC49E4B1A71A5A800F391C0 /* Project object */ = {
			isa = PBXProject;
			attributes = {
				LastUpgradeCheck = 0610;
				ORGANIZATIONNAME = Koombea;
				TargetAttributes = {
					9AC49E521A71A5A800F391C0 = {
						CreatedOnToolsVersion = 6.1.1;
						DevelopmentTeam = SHCLPJTU4V;
					};
					9AC49E671A71A5A800F391C0 = {
						CreatedOnToolsVersion = 6.1.1;
						DevelopmentTeam = SHCLPJTU4V;
						TestTargetID = 9AC49E521A71A5A800F391C0;
					};
				};
			};
			buildConfigurationList = 9AC49E4E1A71A5A800F391C0 /* Build configuration list for PBXProject "MultiScreenPhoto" */;
			compatibilityVersion = "Xcode 3.2";
			developmentRegion = English;
			hasScannedForEncodings = 0;
			knownRegions = (
				en,
				Base,
			);
			mainGroup = 9AC49E4A1A71A5A800F391C0;
			productRefGroup = 9AC49E541A71A5A800F391C0 /* Products */;
			projectDirPath = "";
			projectRoot = "";
			targets = (
				9AC49E521A71A5A800F391C0 /* MultiScreenPhoto */,
				9AC49E671A71A5A800F391C0 /* MultiScreenPhotoTests */,
			);
		};
/* End PBXProject section */

/* Begin PBXResourcesBuildPhase section */
		9AC49E511A71A5A800F391C0 /* Resources */ = {
			isa = PBXResourcesBuildPhase;
			buildActionMask = 2147483647;
			files = (
				9AD370051A8BC5F900111DA9 /* ServicesView.xib in Resources */,
				9AC49E5E1A71A5A800F391C0 /* Main.storyboard in Resources */,
				9AC7F2D01A7C2A3F00CBC946 /* Roboto-Light.ttf in Resources */,
				9AD36FF41A8AABBD00111DA9 /* CompatibleTVsView.xib in Resources */,
				9A8EFE251A891E33001FEE0A /* Roboto-Italic.ttf in Resources */,
				9AD36FF01A8AABBD00111DA9 /* CompatibleTvsList.plist in Resources */,
				9AC49E631A71A5A800F391C0 /* LaunchScreen.xib in Resources */,
				9AC7F2D31A805C9E00CBC946 /* HomePhotoGalleryHeaderView.xib in Resources */,
				9A8EFE1B1A88FDC7001FEE0A /* LICENSE in Resources */,
				9AC49E601A71A5A800F391C0 /* Images.xcassets in Resources */,
				9AC49EC81A71A60D00F391C0 /* WelcomeView.xib in Resources */,
			);
			runOnlyForDeploymentPostprocessing = 0;
		};
		9AC49E661A71A5A800F391C0 /* Resources */ = {
			isa = PBXResourcesBuildPhase;
			buildActionMask = 2147483647;
			files = (
				9AD370061A8BC5F900111DA9 /* ServicesView.xib in Resources */,
				9AD36FF11A8AABBD00111DA9 /* CompatibleTvsList.plist in Resources */,
				9AC7F2D11A7C2A3F00CBC946 /* Roboto-Light.ttf in Resources */,
				9A8EFE1C1A88FDC7001FEE0A /* LICENSE in Resources */,
				9AC49EC91A71A60D00F391C0 /* WelcomeView.xib in Resources */,
				9AD36FF51A8AABBD00111DA9 /* CompatibleTVsView.xib in Resources */,
				9AC7F2D41A805C9E00CBC946 /* HomePhotoGalleryHeaderView.xib in Resources */,
			);
			runOnlyForDeploymentPostprocessing = 0;
		};
/* End PBXResourcesBuildPhase section */

/* Begin PBXSourcesBuildPhase section */
		9AC49E4F1A71A5A800F391C0 /* Sources */ = {
			isa = PBXSourcesBuildPhase;
			buildActionMask = 2147483647;
			files = (
				9AC49EB81A71A60D00F391C0 /* Gallery.swift in Sources */,
				9AD36FEA1A8A9FDA00111DA9 /* MoreScreenVC.swift in Sources */,
				9A8EFE171A88FDC7001FEE0A /* GCDAsyncUdpSocket.m in Sources */,
				9A8EFDFD1A88FDC7001FEE0A /* Channel.swift in Sources */,
				9A56D16E1A77EC180026EFF3 /* HomePhotoGalleryVCCell.swift in Sources */,
				9A8EFDFB1A88FDC7001FEE0A /* Application.swift in Sources */,
				9A8EFE011A88FDC7001FEE0A /* ChannelTransport.swift in Sources */,
				9A8EFE071A88FDC7001FEE0A /* MDNSDiscoveryProvider.swift in Sources */,
				9A8EFE151A88FDC7001FEE0A /* WebSocketTransport.swift in Sources */,
				9AC49ECA1A71A60D00F391C0 /* PhotoFullScreenPagerVC.swift in Sources */,
				9A8EFE091A88FDC7001FEE0A /* Message.swift in Sources */,
				9A8EFDFF1A88FDC7001FEE0A /* ChannelClient.swift in Sources */,
				9AC49EBC1A71A60D00F391C0 /* MultiScreenManager.swift in Sources */,
				9A8EFE191A88FDC7001FEE0A /* README.markdown in Sources */,
				9A8EFE1D1A88FDC7001FEE0A /* README.md in Sources */,
				9AC49E5B1A71A5A800F391C0 /* ViewController.swift in Sources */,
				9AC7F2D61A805CAA00CBC946 /* HomePhotoGalleryHeaderView.swift in Sources */,
				9A8EFE0B1A88FDC7001FEE0A /* MSFDiscoveryProvider.swift in Sources */,
				9A8EFE131A88FDC7001FEE0A /* ServiceSearch.swift in Sources */,
				9A8EFE111A88FDC7001FEE0A /* Service.swift in Sources */,
				9A8EFE0F1A88FDC7001FEE0A /* RPCMessaje.swift in Sources */,
				9A8EFE1F1A88FDC7001FEE0A /* WebSocket.swift in Sources */,
				9A8EFE0D1A88FDC7001FEE0A /* Requester.swift in Sources */,
				9AD36FF21A8AABBD00111DA9 /* CompatibleTVsView.swift in Sources */,
				9A8EFE051A88FDC7001FEE0A /* JSON.swift in Sources */,
				9AC49ECC1A71A60D00F391C0 /* PhotoFullScreenVC.swift in Sources */,
				9AD370031A8BC5F900111DA9 /* ServicesView.swift in Sources */,
				9AC49E591A71A5A800F391C0 /* AppDelegate.swift in Sources */,
				9AC49EBE1A71A60D00F391C0 /* CommonVC.swift in Sources */,
				9AC49EC61A71A60D00F391C0 /* WelcomeView.swift in Sources */,
				9AC49EC01A71A60D00F391C0 /* HomePhotoGalleryVC.swift in Sources */,
				9A8EFE031A88FDC7001FEE0A /* Device.swift in Sources */,
			);
			runOnlyForDeploymentPostprocessing = 0;
		};
		9AC49E641A71A5A800F391C0 /* Sources */ = {
			isa = PBXSourcesBuildPhase;
			buildActionMask = 2147483647;
			files = (
				9A75A9481A83C1920051ABB6 /* GalleryTest.swift in Sources */,
				9AD36FEB1A8A9FDA00111DA9 /* MoreScreenVC.swift in Sources */,
				9A8EFE181A88FDC7001FEE0A /* GCDAsyncUdpSocket.m in Sources */,
				9A8EFDFE1A88FDC7001FEE0A /* Channel.swift in Sources */,
				9A56D16F1A77EC180026EFF3 /* HomePhotoGalleryVCCell.swift in Sources */,
				9AC49EC11A71A60D00F391C0 /* HomePhotoGalleryVC.swift in Sources */,
				9A8EFDFC1A88FDC7001FEE0A /* Application.swift in Sources */,
				9A8EFE021A88FDC7001FEE0A /* ChannelTransport.swift in Sources */,
				9A8EFE081A88FDC7001FEE0A /* MDNSDiscoveryProvider.swift in Sources */,
				9A8EFE161A88FDC7001FEE0A /* WebSocketTransport.swift in Sources */,
				9AC49EC71A71A60D00F391C0 /* WelcomeView.swift in Sources */,
				9A8EFE0A1A88FDC7001FEE0A /* Message.swift in Sources */,
				9A8EFE001A88FDC7001FEE0A /* ChannelClient.swift in Sources */,
				9AC7F2D71A805CAA00CBC946 /* HomePhotoGalleryHeaderView.swift in Sources */,
				9A8EFE1A1A88FDC7001FEE0A /* README.markdown in Sources */,
				9A8EFE1E1A88FDC7001FEE0A /* README.md in Sources */,
				9AC49EB91A71A60D00F391C0 /* Gallery.swift in Sources */,
				9A8EFE0C1A88FDC7001FEE0A /* MSFDiscoveryProvider.swift in Sources */,
				9A8EFE141A88FDC7001FEE0A /* ServiceSearch.swift in Sources */,
				9A8EFE121A88FDC7001FEE0A /* Service.swift in Sources */,
				9A8EFE101A88FDC7001FEE0A /* RPCMessaje.swift in Sources */,
				9A8EFE201A88FDC7001FEE0A /* WebSocket.swift in Sources */,
				9A8EFE0E1A88FDC7001FEE0A /* Requester.swift in Sources */,
				9AD36FF31A8AABBD00111DA9 /* CompatibleTVsView.swift in Sources */,
				9A8EFE061A88FDC7001FEE0A /* JSON.swift in Sources */,
				9AC49EBF1A71A60D00F391C0 /* CommonVC.swift in Sources */,
				9AD370041A8BC5F900111DA9 /* ServicesView.swift in Sources */,
				9AC49ECB1A71A60D00F391C0 /* PhotoFullScreenPagerVC.swift in Sources */,
				9AC49ECD1A71A60D00F391C0 /* PhotoFullScreenVC.swift in Sources */,
				9A75A94C1A83DC3B0051ABB6 /* CommonVCTest.swift in Sources */,
				9AC49EBD1A71A60D00F391C0 /* MultiScreenManager.swift in Sources */,
				9A8EFE041A88FDC7001FEE0A /* Device.swift in Sources */,
			);
			runOnlyForDeploymentPostprocessing = 0;
		};
/* End PBXSourcesBuildPhase section */

/* Begin PBXTargetDependency section */
		9AC49E6A1A71A5A800F391C0 /* PBXTargetDependency */ = {
			isa = PBXTargetDependency;
			target = 9AC49E521A71A5A800F391C0 /* MultiScreenPhoto */;
			targetProxy = 9AC49E691A71A5A800F391C0 /* PBXContainerItemProxy */;
		};
/* End PBXTargetDependency section */

/* Begin PBXVariantGroup section */
		9AC49E5C1A71A5A800F391C0 /* Main.storyboard */ = {
			isa = PBXVariantGroup;
			children = (
				9AC49E5D1A71A5A800F391C0 /* Base */,
			);
			name = Main.storyboard;
			sourceTree = "<group>";
		};
		9AC49E611A71A5A800F391C0 /* LaunchScreen.xib */ = {
			isa = PBXVariantGroup;
			children = (
				9AC49E621A71A5A800F391C0 /* Base */,
			);
			name = LaunchScreen.xib;
			sourceTree = "<group>";
		};
/* End PBXVariantGroup section */

/* Begin XCBuildConfiguration section */
		9AC49E701A71A5A800F391C0 /* Debug */ = {
			isa = XCBuildConfiguration;
			buildSettings = {
				ALWAYS_SEARCH_USER_PATHS = NO;
				CLANG_CXX_LANGUAGE_STANDARD = "gnu++0x";
				CLANG_CXX_LIBRARY = "libc++";
				CLANG_ENABLE_MODULES = YES;
				CLANG_ENABLE_OBJC_ARC = YES;
				CLANG_WARN_BOOL_CONVERSION = YES;
				CLANG_WARN_CONSTANT_CONVERSION = YES;
				CLANG_WARN_DIRECT_OBJC_ISA_USAGE = YES_ERROR;
				CLANG_WARN_EMPTY_BODY = YES;
				CLANG_WARN_ENUM_CONVERSION = YES;
				CLANG_WARN_INT_CONVERSION = YES;
				CLANG_WARN_OBJC_ROOT_CLASS = YES_ERROR;
				CLANG_WARN_UNREACHABLE_CODE = YES;
				CLANG_WARN__DUPLICATE_METHOD_MATCH = YES;
				CODE_SIGN_IDENTITY = "iPhone Developer: Raul Mantilla (67VL6SFRBL)";
				"CODE_SIGN_IDENTITY[sdk=iphoneos*]" = "iPhone Distribution: Koombea Inc.";
				COPY_PHASE_STRIP = NO;
				ENABLE_STRICT_OBJC_MSGSEND = YES;
				GCC_C_LANGUAGE_STANDARD = gnu99;
				GCC_DYNAMIC_NO_PIC = NO;
				GCC_OPTIMIZATION_LEVEL = 0;
				GCC_PREPROCESSOR_DEFINITIONS = (
					"DEBUG=1",
					"$(inherited)",
				);
				GCC_SYMBOLS_PRIVATE_EXTERN = NO;
				GCC_WARN_64_TO_32_BIT_CONVERSION = YES;
				GCC_WARN_ABOUT_RETURN_TYPE = YES_ERROR;
				GCC_WARN_UNDECLARED_SELECTOR = YES;
				GCC_WARN_UNINITIALIZED_AUTOS = YES_AGGRESSIVE;
				GCC_WARN_UNUSED_FUNCTION = YES;
				GCC_WARN_UNUSED_VARIABLE = YES;
				IPHONEOS_DEPLOYMENT_TARGET = 7.0;
				MTL_ENABLE_DEBUG_INFO = YES;
				ONLY_ACTIVE_ARCH = YES;
				PROVISIONING_PROFILE = "95daa228-88ef-45ba-b351-301689add84c";
				SDKROOT = iphoneos;
				SWIFT_OBJC_BRIDGING_HEADER = "MultiScreenPhoto/MultiScreenPhoto-Bridging-Header.h";
				SWIFT_OPTIMIZATION_LEVEL = "-Onone";
			};
			name = Debug;
		};
		9AC49E711A71A5A800F391C0 /* Release */ = {
			isa = XCBuildConfiguration;
			buildSettings = {
				ALWAYS_SEARCH_USER_PATHS = NO;
				CLANG_CXX_LANGUAGE_STANDARD = "gnu++0x";
				CLANG_CXX_LIBRARY = "libc++";
				CLANG_ENABLE_MODULES = YES;
				CLANG_ENABLE_OBJC_ARC = YES;
				CLANG_WARN_BOOL_CONVERSION = YES;
				CLANG_WARN_CONSTANT_CONVERSION = YES;
				CLANG_WARN_DIRECT_OBJC_ISA_USAGE = YES_ERROR;
				CLANG_WARN_EMPTY_BODY = YES;
				CLANG_WARN_ENUM_CONVERSION = YES;
				CLANG_WARN_INT_CONVERSION = YES;
				CLANG_WARN_OBJC_ROOT_CLASS = YES_ERROR;
				CLANG_WARN_UNREACHABLE_CODE = YES;
				CLANG_WARN__DUPLICATE_METHOD_MATCH = YES;
				CODE_SIGN_IDENTITY = "iPhone Developer: Raul Mantilla (67VL6SFRBL)";
				"CODE_SIGN_IDENTITY[sdk=iphoneos*]" = "iPhone Distribution: Koombea Inc.";
				COPY_PHASE_STRIP = YES;
				ENABLE_NS_ASSERTIONS = NO;
				ENABLE_STRICT_OBJC_MSGSEND = YES;
				GCC_C_LANGUAGE_STANDARD = gnu99;
				GCC_WARN_64_TO_32_BIT_CONVERSION = YES;
				GCC_WARN_ABOUT_RETURN_TYPE = YES_ERROR;
				GCC_WARN_UNDECLARED_SELECTOR = YES;
				GCC_WARN_UNINITIALIZED_AUTOS = YES_AGGRESSIVE;
				GCC_WARN_UNUSED_FUNCTION = YES;
				GCC_WARN_UNUSED_VARIABLE = YES;
				IPHONEOS_DEPLOYMENT_TARGET = 7.0;
				MTL_ENABLE_DEBUG_INFO = NO;
				PROVISIONING_PROFILE = "95daa228-88ef-45ba-b351-301689add84c";
				SDKROOT = iphoneos;
				SWIFT_OBJC_BRIDGING_HEADER = "MultiScreenPhoto/MultiScreenPhoto-Bridging-Header.h";
				VALIDATE_PRODUCT = YES;
			};
			name = Release;
		};
		9AC49E731A71A5A800F391C0 /* Debug */ = {
			isa = XCBuildConfiguration;
			buildSettings = {
				ASSETCATALOG_COMPILER_APPICON_NAME = AppIcon;
				ASSETCATALOG_COMPILER_LAUNCHIMAGE_NAME = LaunchImage;
				CODE_SIGN_IDENTITY = "iPhone Developer: Raul Mantilla (67VL6SFRBL)";
				"CODE_SIGN_IDENTITY[sdk=iphoneos*]" = "iPhone Distribution: Koombea Inc.";
				INFOPLIST_FILE = MultiScreenPhoto/Info.plist;
				LD_RUNPATH_SEARCH_PATHS = "$(inherited) @executable_path/Frameworks";
				PRODUCT_NAME = "$(TARGET_NAME)";
				PROVISIONING_PROFILE = "95daa228-88ef-45ba-b351-301689add84c";
				SWIFT_OBJC_BRIDGING_HEADER = "MultiScreenPhoto/MultiScreenPhoto-Bridging-Header.h";
			};
			name = Debug;
		};
		9AC49E741A71A5A800F391C0 /* Release */ = {
			isa = XCBuildConfiguration;
			buildSettings = {
				ASSETCATALOG_COMPILER_APPICON_NAME = AppIcon;
				ASSETCATALOG_COMPILER_LAUNCHIMAGE_NAME = LaunchImage;
				CODE_SIGN_IDENTITY = "iPhone Developer: Raul Mantilla (67VL6SFRBL)";
				"CODE_SIGN_IDENTITY[sdk=iphoneos*]" = "iPhone Distribution: Koombea Inc.";
				INFOPLIST_FILE = MultiScreenPhoto/Info.plist;
				LD_RUNPATH_SEARCH_PATHS = "$(inherited) @executable_path/Frameworks";
				PRODUCT_NAME = "$(TARGET_NAME)";
				PROVISIONING_PROFILE = "95daa228-88ef-45ba-b351-301689add84c";
				SWIFT_OBJC_BRIDGING_HEADER = "MultiScreenPhoto/MultiScreenPhoto-Bridging-Header.h";
			};
			name = Release;
		};
		9AC49E761A71A5A800F391C0 /* Debug */ = {
			isa = XCBuildConfiguration;
			buildSettings = {
				BUNDLE_LOADER = "$(TEST_HOST)";
				CODE_SIGN_IDENTITY = "iPhone Developer";
				"CODE_SIGN_IDENTITY[sdk=iphoneos*]" = "iPhone Developer";
				FRAMEWORK_SEARCH_PATHS = (
					"$(SDKROOT)/Developer/Library/Frameworks",
					"$(inherited)",
				);
				GCC_PREPROCESSOR_DEFINITIONS = (
					"DEBUG=1",
					"$(inherited)",
				);
				INFOPLIST_FILE = MultiScreenPhotoTests/Info.plist;
				LD_RUNPATH_SEARCH_PATHS = "$(inherited) @executable_path/Frameworks @loader_path/Frameworks";
				PRODUCT_NAME = "$(TARGET_NAME)";
				PROVISIONING_PROFILE = "";
				TEST_HOST = "$(BUILT_PRODUCTS_DIR)/MultiScreenPhoto.app/MultiScreenPhoto";
			};
			name = Debug;
		};
		9AC49E771A71A5A800F391C0 /* Release */ = {
			isa = XCBuildConfiguration;
			buildSettings = {
				BUNDLE_LOADER = "$(TEST_HOST)";
				CODE_SIGN_IDENTITY = "iPhone Developer";
				"CODE_SIGN_IDENTITY[sdk=iphoneos*]" = "iPhone Developer";
				FRAMEWORK_SEARCH_PATHS = (
					"$(SDKROOT)/Developer/Library/Frameworks",
					"$(inherited)",
				);
				INFOPLIST_FILE = MultiScreenPhotoTests/Info.plist;
				LD_RUNPATH_SEARCH_PATHS = "$(inherited) @executable_path/Frameworks @loader_path/Frameworks";
				PRODUCT_NAME = "$(TARGET_NAME)";
				PROVISIONING_PROFILE = "";
				TEST_HOST = "$(BUILT_PRODUCTS_DIR)/MultiScreenPhoto.app/MultiScreenPhoto";
			};
			name = Release;
		};
/* End XCBuildConfiguration section */

/* Begin XCConfigurationList section */
		9AC49E4E1A71A5A800F391C0 /* Build configuration list for PBXProject "MultiScreenPhoto" */ = {
			isa = XCConfigurationList;
			buildConfigurations = (
				9AC49E701A71A5A800F391C0 /* Debug */,
				9AC49E711A71A5A800F391C0 /* Release */,
			);
			defaultConfigurationIsVisible = 0;
			defaultConfigurationName = Release;
		};
		9AC49E721A71A5A800F391C0 /* Build configuration list for PBXNativeTarget "MultiScreenPhoto" */ = {
			isa = XCConfigurationList;
			buildConfigurations = (
				9AC49E731A71A5A800F391C0 /* Debug */,
				9AC49E741A71A5A800F391C0 /* Release */,
			);
			defaultConfigurationIsVisible = 0;
			defaultConfigurationName = Release;
		};
		9AC49E751A71A5A800F391C0 /* Build configuration list for PBXNativeTarget "MultiScreenPhotoTests" */ = {
			isa = XCConfigurationList;
			buildConfigurations = (
				9AC49E761A71A5A800F391C0 /* Debug */,
				9AC49E771A71A5A800F391C0 /* Release */,
			);
			defaultConfigurationIsVisible = 0;
			defaultConfigurationName = Release;
		};
/* End XCConfigurationList section */
	};
	rootObject = 9AC49E4B1A71A5A800F391C0 /* Project object */;
}
