// !$*UTF8*$!
{
	archiveVersion = 1;
	classes = {
	};
	objectVersion = 46;
	objects = {

/* Begin PBXBuildFile section */
		9A36840C1A81834C00B3C052 /* MoreMenuView.swift in Sources */ = {isa = PBXBuildFile; fileRef = 9A36840B1A81834C00B3C052 /* MoreMenuView.swift */; };
		9A36840E1A81835600B3C052 /* MoreMenuView.xib in Resources */ = {isa = PBXBuildFile; fileRef = 9A36840D1A81835600B3C052 /* MoreMenuView.xib */; };
		9A56D16E1A77EC180026EFF3 /* HomePhotoGalleryVCCell.swift in Sources */ = {isa = PBXBuildFile; fileRef = 9A56D16D1A77EC180026EFF3 /* HomePhotoGalleryVCCell.swift */; };
		9A56D16F1A77EC180026EFF3 /* HomePhotoGalleryVCCell.swift in Sources */ = {isa = PBXBuildFile; fileRef = 9A56D16D1A77EC180026EFF3 /* HomePhotoGalleryVCCell.swift */; };
		9A75A9461A8187C90051ABB6 /* MoreMenuView.swift in Sources */ = {isa = PBXBuildFile; fileRef = 9A36840B1A81834C00B3C052 /* MoreMenuView.swift */; };
		9A76A8EE1A7A818D007B05D4 /* ServicesFoundView.xib in Resources */ = {isa = PBXBuildFile; fileRef = 9A76A8ED1A7A818D007B05D4 /* ServicesFoundView.xib */; };
		9A76A8EF1A7A818D007B05D4 /* ServicesFoundView.xib in Resources */ = {isa = PBXBuildFile; fileRef = 9A76A8ED1A7A818D007B05D4 /* ServicesFoundView.xib */; };
		9A76A8F11A7A81A8007B05D4 /* ServicesFoundView.swift in Sources */ = {isa = PBXBuildFile; fileRef = 9A76A8F01A7A81A8007B05D4 /* ServicesFoundView.swift */; };
		9A76A8F21A7A81A8007B05D4 /* ServicesFoundView.swift in Sources */ = {isa = PBXBuildFile; fileRef = 9A76A8F01A7A81A8007B05D4 /* ServicesFoundView.swift */; };
		9A76A8F51A7A83D8007B05D4 /* ServicesFoundTVCell.swift in Sources */ = {isa = PBXBuildFile; fileRef = 9A76A8F31A7A83D8007B05D4 /* ServicesFoundTVCell.swift */; };
		9A76A8F61A7A83D8007B05D4 /* ServicesFoundTVCell.swift in Sources */ = {isa = PBXBuildFile; fileRef = 9A76A8F31A7A83D8007B05D4 /* ServicesFoundTVCell.swift */; };
		9A76A8F71A7A83D8007B05D4 /* ServicesFoundTVCell.xib in Resources */ = {isa = PBXBuildFile; fileRef = 9A76A8F41A7A83D8007B05D4 /* ServicesFoundTVCell.xib */; };
		9A76A8F81A7A83D8007B05D4 /* ServicesFoundTVCell.xib in Resources */ = {isa = PBXBuildFile; fileRef = 9A76A8F41A7A83D8007B05D4 /* ServicesFoundTVCell.xib */; };
		9A76A8FA1A7A9AA7007B05D4 /* ServicesFoundHeaderVIew.xib in Resources */ = {isa = PBXBuildFile; fileRef = 9A76A8F91A7A9AA7007B05D4 /* ServicesFoundHeaderVIew.xib */; };
		9A76A8FB1A7A9AA7007B05D4 /* ServicesFoundHeaderVIew.xib in Resources */ = {isa = PBXBuildFile; fileRef = 9A76A8F91A7A9AA7007B05D4 /* ServicesFoundHeaderVIew.xib */; };
		9A76A8FD1A7A9AB7007B05D4 /* ServicesFoundHeaderVIew.swift in Sources */ = {isa = PBXBuildFile; fileRef = 9A76A8FC1A7A9AB7007B05D4 /* ServicesFoundHeaderVIew.swift */; };
		9A76A8FE1A7A9AB7007B05D4 /* ServicesFoundHeaderVIew.swift in Sources */ = {isa = PBXBuildFile; fileRef = 9A76A8FC1A7A9AB7007B05D4 /* ServicesFoundHeaderVIew.swift */; };
		9A76A9021A7AEEBD007B05D4 /* HowToVC.swift in Sources */ = {isa = PBXBuildFile; fileRef = 9A76A9001A7AEEBD007B05D4 /* HowToVC.swift */; };
		9A76A9031A7AEEBD007B05D4 /* HowToVC.swift in Sources */ = {isa = PBXBuildFile; fileRef = 9A76A9001A7AEEBD007B05D4 /* HowToVC.swift */; };
		9A76A9041A7AEEBD007B05D4 /* HowToVC.xib in Resources */ = {isa = PBXBuildFile; fileRef = 9A76A9011A7AEEBD007B05D4 /* HowToVC.xib */; };
		9A76A9051A7AEEBD007B05D4 /* HowToVC.xib in Resources */ = {isa = PBXBuildFile; fileRef = 9A76A9011A7AEEBD007B05D4 /* HowToVC.xib */; };
		9A76A9081A7C071E007B05D4 /* CompatibleTVsView.swift in Sources */ = {isa = PBXBuildFile; fileRef = 9A76A9071A7C071E007B05D4 /* CompatibleTVsView.swift */; };
		9A76A9091A7C071E007B05D4 /* CompatibleTVsView.swift in Sources */ = {isa = PBXBuildFile; fileRef = 9A76A9071A7C071E007B05D4 /* CompatibleTVsView.swift */; };
		9A76A90B1A7C072A007B05D4 /* CompatibleTVsView.xib in Resources */ = {isa = PBXBuildFile; fileRef = 9A76A90A1A7C072A007B05D4 /* CompatibleTVsView.xib */; };
		9A76A90C1A7C072A007B05D4 /* CompatibleTVsView.xib in Resources */ = {isa = PBXBuildFile; fileRef = 9A76A90A1A7C072A007B05D4 /* CompatibleTVsView.xib */; };
		9AC49E591A71A5A800F391C0 /* AppDelegate.swift in Sources */ = {isa = PBXBuildFile; fileRef = 9AC49E581A71A5A800F391C0 /* AppDelegate.swift */; };
		9AC49E5B1A71A5A800F391C0 /* ViewController.swift in Sources */ = {isa = PBXBuildFile; fileRef = 9AC49E5A1A71A5A800F391C0 /* ViewController.swift */; };
		9AC49E5E1A71A5A800F391C0 /* Main.storyboard in Resources */ = {isa = PBXBuildFile; fileRef = 9AC49E5C1A71A5A800F391C0 /* Main.storyboard */; };
		9AC49E601A71A5A800F391C0 /* Images.xcassets in Resources */ = {isa = PBXBuildFile; fileRef = 9AC49E5F1A71A5A800F391C0 /* Images.xcassets */; };
		9AC49E631A71A5A800F391C0 /* LaunchScreen.xib in Resources */ = {isa = PBXBuildFile; fileRef = 9AC49E611A71A5A800F391C0 /* LaunchScreen.xib */; };
		9AC49E6F1A71A5A800F391C0 /* MultiScreenPhotoTests.swift in Sources */ = {isa = PBXBuildFile; fileRef = 9AC49E6E1A71A5A800F391C0 /* MultiScreenPhotoTests.swift */; };
		9AC49E891A71A60000F391C0 /* Application.swift in Sources */ = {isa = PBXBuildFile; fileRef = 9AC49E7B1A71A60000F391C0 /* Application.swift */; };
		9AC49E8A1A71A60000F391C0 /* Application.swift in Sources */ = {isa = PBXBuildFile; fileRef = 9AC49E7B1A71A60000F391C0 /* Application.swift */; };
		9AC49E8B1A71A60000F391C0 /* Channel.swift in Sources */ = {isa = PBXBuildFile; fileRef = 9AC49E7C1A71A60000F391C0 /* Channel.swift */; };
		9AC49E8C1A71A60000F391C0 /* Channel.swift in Sources */ = {isa = PBXBuildFile; fileRef = 9AC49E7C1A71A60000F391C0 /* Channel.swift */; };
		9AC49E8D1A71A60000F391C0 /* ChannelClient.swift in Sources */ = {isa = PBXBuildFile; fileRef = 9AC49E7D1A71A60000F391C0 /* ChannelClient.swift */; };
		9AC49E8E1A71A60000F391C0 /* ChannelClient.swift in Sources */ = {isa = PBXBuildFile; fileRef = 9AC49E7D1A71A60000F391C0 /* ChannelClient.swift */; };
		9AC49E8F1A71A60000F391C0 /* ChannelTransport.swift in Sources */ = {isa = PBXBuildFile; fileRef = 9AC49E7E1A71A60000F391C0 /* ChannelTransport.swift */; };
		9AC49E901A71A60000F391C0 /* ChannelTransport.swift in Sources */ = {isa = PBXBuildFile; fileRef = 9AC49E7E1A71A60000F391C0 /* ChannelTransport.swift */; };
		9AC49E911A71A60000F391C0 /* Device.swift in Sources */ = {isa = PBXBuildFile; fileRef = 9AC49E7F1A71A60000F391C0 /* Device.swift */; };
		9AC49E921A71A60000F391C0 /* Device.swift in Sources */ = {isa = PBXBuildFile; fileRef = 9AC49E7F1A71A60000F391C0 /* Device.swift */; };
		9AC49E931A71A60000F391C0 /* JSON.swift in Sources */ = {isa = PBXBuildFile; fileRef = 9AC49E801A71A60000F391C0 /* JSON.swift */; };
		9AC49E941A71A60000F391C0 /* JSON.swift in Sources */ = {isa = PBXBuildFile; fileRef = 9AC49E801A71A60000F391C0 /* JSON.swift */; };
		9AC49E951A71A60000F391C0 /* MDNSDiscoveryProvider.swift in Sources */ = {isa = PBXBuildFile; fileRef = 9AC49E811A71A60000F391C0 /* MDNSDiscoveryProvider.swift */; };
		9AC49E961A71A60000F391C0 /* MDNSDiscoveryProvider.swift in Sources */ = {isa = PBXBuildFile; fileRef = 9AC49E811A71A60000F391C0 /* MDNSDiscoveryProvider.swift */; };
		9AC49E971A71A60000F391C0 /* Message.swift in Sources */ = {isa = PBXBuildFile; fileRef = 9AC49E821A71A60000F391C0 /* Message.swift */; };
		9AC49E981A71A60000F391C0 /* Message.swift in Sources */ = {isa = PBXBuildFile; fileRef = 9AC49E821A71A60000F391C0 /* Message.swift */; };
		9AC49E991A71A60000F391C0 /* Requester.swift in Sources */ = {isa = PBXBuildFile; fileRef = 9AC49E831A71A60000F391C0 /* Requester.swift */; };
		9AC49E9A1A71A60000F391C0 /* Requester.swift in Sources */ = {isa = PBXBuildFile; fileRef = 9AC49E831A71A60000F391C0 /* Requester.swift */; };
		9AC49E9B1A71A60000F391C0 /* RPCMessaje.swift in Sources */ = {isa = PBXBuildFile; fileRef = 9AC49E841A71A60000F391C0 /* RPCMessaje.swift */; };
		9AC49E9C1A71A60000F391C0 /* RPCMessaje.swift in Sources */ = {isa = PBXBuildFile; fileRef = 9AC49E841A71A60000F391C0 /* RPCMessaje.swift */; };
		9AC49E9D1A71A60000F391C0 /* Service.swift in Sources */ = {isa = PBXBuildFile; fileRef = 9AC49E851A71A60000F391C0 /* Service.swift */; };
		9AC49E9E1A71A60000F391C0 /* Service.swift in Sources */ = {isa = PBXBuildFile; fileRef = 9AC49E851A71A60000F391C0 /* Service.swift */; };
		9AC49E9F1A71A60000F391C0 /* ServiceSearch.swift in Sources */ = {isa = PBXBuildFile; fileRef = 9AC49E861A71A60000F391C0 /* ServiceSearch.swift */; };
		9AC49EA01A71A60000F391C0 /* ServiceSearch.swift in Sources */ = {isa = PBXBuildFile; fileRef = 9AC49E861A71A60000F391C0 /* ServiceSearch.swift */; };
		9AC49EA11A71A60000F391C0 /* WebSocketTransport.swift in Sources */ = {isa = PBXBuildFile; fileRef = 9AC49E871A71A60000F391C0 /* WebSocketTransport.swift */; };
		9AC49EA21A71A60000F391C0 /* WebSocketTransport.swift in Sources */ = {isa = PBXBuildFile; fileRef = 9AC49E871A71A60000F391C0 /* WebSocketTransport.swift */; };
		9AC49EA31A71A60000F391C0 /* WebSocket.swift in Sources */ = {isa = PBXBuildFile; fileRef = 9AC49E881A71A60000F391C0 /* WebSocket.swift */; };
		9AC49EA41A71A60000F391C0 /* WebSocket.swift in Sources */ = {isa = PBXBuildFile; fileRef = 9AC49E881A71A60000F391C0 /* WebSocket.swift */; };
		9AC49EB81A71A60D00F391C0 /* Gallery.swift in Sources */ = {isa = PBXBuildFile; fileRef = 9AC49EA61A71A60D00F391C0 /* Gallery.swift */; };
		9AC49EB91A71A60D00F391C0 /* Gallery.swift in Sources */ = {isa = PBXBuildFile; fileRef = 9AC49EA61A71A60D00F391C0 /* Gallery.swift */; };
		9AC49EBC1A71A60D00F391C0 /* MultiScreenManager.swift in Sources */ = {isa = PBXBuildFile; fileRef = 9AC49EA81A71A60D00F391C0 /* MultiScreenManager.swift */; };
		9AC49EBD1A71A60D00F391C0 /* MultiScreenManager.swift in Sources */ = {isa = PBXBuildFile; fileRef = 9AC49EA81A71A60D00F391C0 /* MultiScreenManager.swift */; };
		9AC49EBE1A71A60D00F391C0 /* CommonVC.swift in Sources */ = {isa = PBXBuildFile; fileRef = 9AC49EAB1A71A60D00F391C0 /* CommonVC.swift */; };
		9AC49EBF1A71A60D00F391C0 /* CommonVC.swift in Sources */ = {isa = PBXBuildFile; fileRef = 9AC49EAB1A71A60D00F391C0 /* CommonVC.swift */; };
		9AC49EC01A71A60D00F391C0 /* HomePhotoGalleryVC.swift in Sources */ = {isa = PBXBuildFile; fileRef = 9AC49EAD1A71A60D00F391C0 /* HomePhotoGalleryVC.swift */; };
		9AC49EC11A71A60D00F391C0 /* HomePhotoGalleryVC.swift in Sources */ = {isa = PBXBuildFile; fileRef = 9AC49EAD1A71A60D00F391C0 /* HomePhotoGalleryVC.swift */; };
		9AC49EC61A71A60D00F391C0 /* WelcomeView.swift in Sources */ = {isa = PBXBuildFile; fileRef = 9AC49EB11A71A60D00F391C0 /* WelcomeView.swift */; };
		9AC49EC71A71A60D00F391C0 /* WelcomeView.swift in Sources */ = {isa = PBXBuildFile; fileRef = 9AC49EB11A71A60D00F391C0 /* WelcomeView.swift */; };
		9AC49EC81A71A60D00F391C0 /* WelcomeView.xib in Resources */ = {isa = PBXBuildFile; fileRef = 9AC49EB21A71A60D00F391C0 /* WelcomeView.xib */; };
		9AC49EC91A71A60D00F391C0 /* WelcomeView.xib in Resources */ = {isa = PBXBuildFile; fileRef = 9AC49EB21A71A60D00F391C0 /* WelcomeView.xib */; };
		9AC49ECA1A71A60D00F391C0 /* PhotoFullScreenPagerVC.swift in Sources */ = {isa = PBXBuildFile; fileRef = 9AC49EB41A71A60D00F391C0 /* PhotoFullScreenPagerVC.swift */; };
		9AC49ECB1A71A60D00F391C0 /* PhotoFullScreenPagerVC.swift in Sources */ = {isa = PBXBuildFile; fileRef = 9AC49EB41A71A60D00F391C0 /* PhotoFullScreenPagerVC.swift */; };
		9AC49ECC1A71A60D00F391C0 /* PhotoFullScreenVC.swift in Sources */ = {isa = PBXBuildFile; fileRef = 9AC49EB51A71A60D00F391C0 /* PhotoFullScreenVC.swift */; };
		9AC49ECD1A71A60D00F391C0 /* PhotoFullScreenVC.swift in Sources */ = {isa = PBXBuildFile; fileRef = 9AC49EB51A71A60D00F391C0 /* PhotoFullScreenVC.swift */; };
		9AC7F2D01A7C2A3F00CBC946 /* Roboto-Light.ttf in Resources */ = {isa = PBXBuildFile; fileRef = 9AC7F2CF1A7C2A3F00CBC946 /* Roboto-Light.ttf */; };
		9AC7F2D11A7C2A3F00CBC946 /* Roboto-Light.ttf in Resources */ = {isa = PBXBuildFile; fileRef = 9AC7F2CF1A7C2A3F00CBC946 /* Roboto-Light.ttf */; };
		9AC7F2D31A805C9E00CBC946 /* HomePhotoGalleryHeaderView.xib in Resources */ = {isa = PBXBuildFile; fileRef = 9AC7F2D21A805C9E00CBC946 /* HomePhotoGalleryHeaderView.xib */; };
		9AC7F2D41A805C9E00CBC946 /* HomePhotoGalleryHeaderView.xib in Resources */ = {isa = PBXBuildFile; fileRef = 9AC7F2D21A805C9E00CBC946 /* HomePhotoGalleryHeaderView.xib */; };
		9AC7F2D61A805CAA00CBC946 /* HomePhotoGalleryHeaderView.swift in Sources */ = {isa = PBXBuildFile; fileRef = 9AC7F2D51A805CAA00CBC946 /* HomePhotoGalleryHeaderView.swift */; };
		9AC7F2D71A805CAA00CBC946 /* HomePhotoGalleryHeaderView.swift in Sources */ = {isa = PBXBuildFile; fileRef = 9AC7F2D51A805CAA00CBC946 /* HomePhotoGalleryHeaderView.swift */; };
		9AC7F2DC1A813DC300CBC946 /* CompatibleTvsList.plist in Resources */ = {isa = PBXBuildFile; fileRef = 9AC7F2DB1A813DC300CBC946 /* CompatibleTvsList.plist */; };
		9AC7F2DD1A813DC300CBC946 /* CompatibleTvsList.plist in Resources */ = {isa = PBXBuildFile; fileRef = 9AC7F2DB1A813DC300CBC946 /* CompatibleTvsList.plist */; };
/* End PBXBuildFile section */

/* Begin PBXContainerItemProxy section */
		9AC49E691A71A5A800F391C0 /* PBXContainerItemProxy */ = {
			isa = PBXContainerItemProxy;
			containerPortal = 9AC49E4B1A71A5A800F391C0 /* Project object */;
			proxyType = 1;
			remoteGlobalIDString = 9AC49E521A71A5A800F391C0;
			remoteInfo = MultiScreenPhoto;
		};
/* End PBXContainerItemProxy section */

/* Begin PBXFileReference section */
		9A36840B1A81834C00B3C052 /* MoreMenuView.swift */ = {isa = PBXFileReference; fileEncoding = 4; lastKnownFileType = sourcecode.swift; path = MoreMenuView.swift; sourceTree = "<group>"; };
		9A36840D1A81835600B3C052 /* MoreMenuView.xib */ = {isa = PBXFileReference; fileEncoding = 4; lastKnownFileType = file.xib; path = MoreMenuView.xib; sourceTree = "<group>"; };
		9A56D16D1A77EC180026EFF3 /* HomePhotoGalleryVCCell.swift */ = {isa = PBXFileReference; fileEncoding = 4; lastKnownFileType = sourcecode.swift; path = HomePhotoGalleryVCCell.swift; sourceTree = "<group>"; };
		9A76A8ED1A7A818D007B05D4 /* ServicesFoundView.xib */ = {isa = PBXFileReference; fileEncoding = 4; lastKnownFileType = file.xib; path = ServicesFoundView.xib; sourceTree = "<group>"; };
		9A76A8F01A7A81A8007B05D4 /* ServicesFoundView.swift */ = {isa = PBXFileReference; fileEncoding = 4; lastKnownFileType = sourcecode.swift; path = ServicesFoundView.swift; sourceTree = "<group>"; };
		9A76A8F31A7A83D8007B05D4 /* ServicesFoundTVCell.swift */ = {isa = PBXFileReference; fileEncoding = 4; lastKnownFileType = sourcecode.swift; path = ServicesFoundTVCell.swift; sourceTree = "<group>"; };
		9A76A8F41A7A83D8007B05D4 /* ServicesFoundTVCell.xib */ = {isa = PBXFileReference; fileEncoding = 4; lastKnownFileType = file.xib; path = ServicesFoundTVCell.xib; sourceTree = "<group>"; };
		9A76A8F91A7A9AA7007B05D4 /* ServicesFoundHeaderVIew.xib */ = {isa = PBXFileReference; fileEncoding = 4; lastKnownFileType = file.xib; path = ServicesFoundHeaderVIew.xib; sourceTree = "<group>"; };
		9A76A8FC1A7A9AB7007B05D4 /* ServicesFoundHeaderVIew.swift */ = {isa = PBXFileReference; fileEncoding = 4; lastKnownFileType = sourcecode.swift; path = ServicesFoundHeaderVIew.swift; sourceTree = "<group>"; };
		9A76A9001A7AEEBD007B05D4 /* HowToVC.swift */ = {isa = PBXFileReference; fileEncoding = 4; lastKnownFileType = sourcecode.swift; path = HowToVC.swift; sourceTree = "<group>"; };
		9A76A9011A7AEEBD007B05D4 /* HowToVC.xib */ = {isa = PBXFileReference; fileEncoding = 4; lastKnownFileType = file.xib; path = HowToVC.xib; sourceTree = "<group>"; };
		9A76A9071A7C071E007B05D4 /* CompatibleTVsView.swift */ = {isa = PBXFileReference; fileEncoding = 4; lastKnownFileType = sourcecode.swift; path = CompatibleTVsView.swift; sourceTree = "<group>"; };
		9A76A90A1A7C072A007B05D4 /* CompatibleTVsView.xib */ = {isa = PBXFileReference; fileEncoding = 4; lastKnownFileType = file.xib; path = CompatibleTVsView.xib; sourceTree = "<group>"; };
		9AC49E531A71A5A800F391C0 /* MultiScreenPhoto.app */ = {isa = PBXFileReference; explicitFileType = wrapper.application; includeInIndex = 0; path = MultiScreenPhoto.app; sourceTree = BUILT_PRODUCTS_DIR; };
		9AC49E571A71A5A800F391C0 /* Info.plist */ = {isa = PBXFileReference; lastKnownFileType = text.plist.xml; path = Info.plist; sourceTree = "<group>"; };
		9AC49E581A71A5A800F391C0 /* AppDelegate.swift */ = {isa = PBXFileReference; lastKnownFileType = sourcecode.swift; path = AppDelegate.swift; sourceTree = "<group>"; };
		9AC49E5A1A71A5A800F391C0 /* ViewController.swift */ = {isa = PBXFileReference; lastKnownFileType = sourcecode.swift; path = ViewController.swift; sourceTree = "<group>"; };
		9AC49E5D1A71A5A800F391C0 /* Base */ = {isa = PBXFileReference; lastKnownFileType = file.storyboard; name = Base; path = Base.lproj/Main.storyboard; sourceTree = "<group>"; };
		9AC49E5F1A71A5A800F391C0 /* Images.xcassets */ = {isa = PBXFileReference; lastKnownFileType = folder.assetcatalog; path = Images.xcassets; sourceTree = "<group>"; };
		9AC49E621A71A5A800F391C0 /* Base */ = {isa = PBXFileReference; lastKnownFileType = file.xib; name = Base; path = Base.lproj/LaunchScreen.xib; sourceTree = "<group>"; };
		9AC49E681A71A5A800F391C0 /* MultiScreenPhotoTests.xctest */ = {isa = PBXFileReference; explicitFileType = wrapper.cfbundle; includeInIndex = 0; path = MultiScreenPhotoTests.xctest; sourceTree = BUILT_PRODUCTS_DIR; };
		9AC49E6D1A71A5A800F391C0 /* Info.plist */ = {isa = PBXFileReference; lastKnownFileType = text.plist.xml; path = Info.plist; sourceTree = "<group>"; };
		9AC49E6E1A71A5A800F391C0 /* MultiScreenPhotoTests.swift */ = {isa = PBXFileReference; lastKnownFileType = sourcecode.swift; path = MultiScreenPhotoTests.swift; sourceTree = "<group>"; };
		9AC49E7B1A71A60000F391C0 /* Application.swift */ = {isa = PBXFileReference; fileEncoding = 4; lastKnownFileType = sourcecode.swift; path = Application.swift; sourceTree = "<group>"; };
		9AC49E7C1A71A60000F391C0 /* Channel.swift */ = {isa = PBXFileReference; fileEncoding = 4; lastKnownFileType = sourcecode.swift; path = Channel.swift; sourceTree = "<group>"; };
		9AC49E7D1A71A60000F391C0 /* ChannelClient.swift */ = {isa = PBXFileReference; fileEncoding = 4; lastKnownFileType = sourcecode.swift; path = ChannelClient.swift; sourceTree = "<group>"; };
		9AC49E7E1A71A60000F391C0 /* ChannelTransport.swift */ = {isa = PBXFileReference; fileEncoding = 4; lastKnownFileType = sourcecode.swift; path = ChannelTransport.swift; sourceTree = "<group>"; };
		9AC49E7F1A71A60000F391C0 /* Device.swift */ = {isa = PBXFileReference; fileEncoding = 4; lastKnownFileType = sourcecode.swift; path = Device.swift; sourceTree = "<group>"; };
		9AC49E801A71A60000F391C0 /* JSON.swift */ = {isa = PBXFileReference; fileEncoding = 4; lastKnownFileType = sourcecode.swift; path = JSON.swift; sourceTree = "<group>"; };
		9AC49E811A71A60000F391C0 /* MDNSDiscoveryProvider.swift */ = {isa = PBXFileReference; fileEncoding = 4; lastKnownFileType = sourcecode.swift; path = MDNSDiscoveryProvider.swift; sourceTree = "<group>"; };
		9AC49E821A71A60000F391C0 /* Message.swift */ = {isa = PBXFileReference; fileEncoding = 4; lastKnownFileType = sourcecode.swift; path = Message.swift; sourceTree = "<group>"; };
		9AC49E831A71A60000F391C0 /* Requester.swift */ = {isa = PBXFileReference; fileEncoding = 4; lastKnownFileType = sourcecode.swift; path = Requester.swift; sourceTree = "<group>"; };
		9AC49E841A71A60000F391C0 /* RPCMessaje.swift */ = {isa = PBXFileReference; fileEncoding = 4; lastKnownFileType = sourcecode.swift; path = RPCMessaje.swift; sourceTree = "<group>"; };
		9AC49E851A71A60000F391C0 /* Service.swift */ = {isa = PBXFileReference; fileEncoding = 4; lastKnownFileType = sourcecode.swift; path = Service.swift; sourceTree = "<group>"; };
		9AC49E861A71A60000F391C0 /* ServiceSearch.swift */ = {isa = PBXFileReference; fileEncoding = 4; lastKnownFileType = sourcecode.swift; path = ServiceSearch.swift; sourceTree = "<group>"; };
		9AC49E871A71A60000F391C0 /* WebSocketTransport.swift */ = {isa = PBXFileReference; fileEncoding = 4; lastKnownFileType = sourcecode.swift; path = WebSocketTransport.swift; sourceTree = "<group>"; };
		9AC49E881A71A60000F391C0 /* WebSocket.swift */ = {isa = PBXFileReference; fileEncoding = 4; lastKnownFileType = sourcecode.swift; path = WebSocket.swift; sourceTree = "<group>"; };
		9AC49EA61A71A60D00F391C0 /* Gallery.swift */ = {isa = PBXFileReference; fileEncoding = 4; lastKnownFileType = sourcecode.swift; path = Gallery.swift; sourceTree = "<group>"; };
		9AC49EA81A71A60D00F391C0 /* MultiScreenManager.swift */ = {isa = PBXFileReference; fileEncoding = 4; lastKnownFileType = sourcecode.swift; path = MultiScreenManager.swift; sourceTree = "<group>"; };
		9AC49EAB1A71A60D00F391C0 /* CommonVC.swift */ = {isa = PBXFileReference; fileEncoding = 4; lastKnownFileType = sourcecode.swift; path = CommonVC.swift; sourceTree = "<group>"; };
		9AC49EAD1A71A60D00F391C0 /* HomePhotoGalleryVC.swift */ = {isa = PBXFileReference; fileEncoding = 4; lastKnownFileType = sourcecode.swift; path = HomePhotoGalleryVC.swift; sourceTree = "<group>"; };
		9AC49EB11A71A60D00F391C0 /* WelcomeView.swift */ = {isa = PBXFileReference; fileEncoding = 4; lastKnownFileType = sourcecode.swift; path = WelcomeView.swift; sourceTree = "<group>"; };
		9AC49EB21A71A60D00F391C0 /* WelcomeView.xib */ = {isa = PBXFileReference; fileEncoding = 4; lastKnownFileType = file.xib; path = WelcomeView.xib; sourceTree = "<group>"; };
		9AC49EB41A71A60D00F391C0 /* PhotoFullScreenPagerVC.swift */ = {isa = PBXFileReference; fileEncoding = 4; lastKnownFileType = sourcecode.swift; path = PhotoFullScreenPagerVC.swift; sourceTree = "<group>"; };
		9AC49EB51A71A60D00F391C0 /* PhotoFullScreenVC.swift */ = {isa = PBXFileReference; fileEncoding = 4; lastKnownFileType = sourcecode.swift; path = PhotoFullScreenVC.swift; sourceTree = "<group>"; };
		9AC7F2CF1A7C2A3F00CBC946 /* Roboto-Light.ttf */ = {isa = PBXFileReference; lastKnownFileType = file; path = "Roboto-Light.ttf"; sourceTree = "<group>"; };
		9AC7F2D21A805C9E00CBC946 /* HomePhotoGalleryHeaderView.xib */ = {isa = PBXFileReference; fileEncoding = 4; lastKnownFileType = file.xib; path = HomePhotoGalleryHeaderView.xib; sourceTree = "<group>"; };
		9AC7F2D51A805CAA00CBC946 /* HomePhotoGalleryHeaderView.swift */ = {isa = PBXFileReference; fileEncoding = 4; lastKnownFileType = sourcecode.swift; path = HomePhotoGalleryHeaderView.swift; sourceTree = "<group>"; };
		9AC7F2DB1A813DC300CBC946 /* CompatibleTvsList.plist */ = {isa = PBXFileReference; fileEncoding = 4; lastKnownFileType = text.plist.xml; path = CompatibleTvsList.plist; sourceTree = "<group>"; };
/* End PBXFileReference section */

/* Begin PBXFrameworksBuildPhase section */
		9AC49E501A71A5A800F391C0 /* Frameworks */ = {
			isa = PBXFrameworksBuildPhase;
			buildActionMask = 2147483647;
			files = (
			);
			runOnlyForDeploymentPostprocessing = 0;
		};
		9AC49E651A71A5A800F391C0 /* Frameworks */ = {
			isa = PBXFrameworksBuildPhase;
			buildActionMask = 2147483647;
			files = (
			);
			runOnlyForDeploymentPostprocessing = 0;
		};
/* End PBXFrameworksBuildPhase section */

/* Begin PBXGroup section */
		9A36840A1A81833900B3C052 /* MoreMenuView */ = {
			isa = PBXGroup;
			children = (
				9A36840B1A81834C00B3C052 /* MoreMenuView.swift */,
				9A36840D1A81835600B3C052 /* MoreMenuView.xib */,
			);
			path = MoreMenuView;
			sourceTree = "<group>";
		};
		9A76A8FF1A7AEE99007B05D4 /* HowToVC */ = {
			isa = PBXGroup;
			children = (
				9A76A9001A7AEEBD007B05D4 /* HowToVC.swift */,
				9A76A9011A7AEEBD007B05D4 /* HowToVC.xib */,
			);
			path = HowToVC;
			sourceTree = "<group>";
		};
		9A76A9061A7C0706007B05D4 /* CompatibleTVsView */ = {
			isa = PBXGroup;
			children = (
				9A76A9071A7C071E007B05D4 /* CompatibleTVsView.swift */,
				9A76A90A1A7C072A007B05D4 /* CompatibleTVsView.xib */,
				9AC7F2DB1A813DC300CBC946 /* CompatibleTvsList.plist */,
			);
			path = CompatibleTVsView;
			sourceTree = "<group>";
		};
		9AC49E4A1A71A5A800F391C0 = {
			isa = PBXGroup;
			children = (
				9AC49E551A71A5A800F391C0 /* MultiScreenPhoto */,
				9AC49E6B1A71A5A800F391C0 /* MultiScreenPhotoTests */,
				9AC49E541A71A5A800F391C0 /* Products */,
			);
			sourceTree = "<group>";
		};
		9AC49E541A71A5A800F391C0 /* Products */ = {
			isa = PBXGroup;
			children = (
				9AC49E531A71A5A800F391C0 /* MultiScreenPhoto.app */,
				9AC49E681A71A5A800F391C0 /* MultiScreenPhotoTests.xctest */,
			);
			name = Products;
			sourceTree = "<group>";
		};
		9AC49E551A71A5A800F391C0 /* MultiScreenPhoto */ = {
			isa = PBXGroup;
			children = (
				9AC49EA51A71A60D00F391C0 /* Model */,
				9AC49EA91A71A60D00F391C0 /* ViewControllers */,
				9AC49E781A71A5F500F391C0 /* Frameworks */,
				9AC49E581A71A5A800F391C0 /* AppDelegate.swift */,
				9AC49E5A1A71A5A800F391C0 /* ViewController.swift */,
				9AC49E5C1A71A5A800F391C0 /* Main.storyboard */,
				9AC49E5F1A71A5A800F391C0 /* Images.xcassets */,
				9AC49E611A71A5A800F391C0 /* LaunchScreen.xib */,
				9AC49E561A71A5A800F391C0 /* Supporting Files */,
			);
			path = MultiScreenPhoto;
			sourceTree = "<group>";
		};
		9AC49E561A71A5A800F391C0 /* Supporting Files */ = {
			isa = PBXGroup;
			children = (
				9AC7F2CF1A7C2A3F00CBC946 /* Roboto-Light.ttf */,
				9AC49E571A71A5A800F391C0 /* Info.plist */,
			);
			name = "Supporting Files";
			sourceTree = "<group>";
		};
		9AC49E6B1A71A5A800F391C0 /* MultiScreenPhotoTests */ = {
			isa = PBXGroup;
			children = (
				9AC49E6E1A71A5A800F391C0 /* MultiScreenPhotoTests.swift */,
				9AC49E6C1A71A5A800F391C0 /* Supporting Files */,
			);
			path = MultiScreenPhotoTests;
			sourceTree = "<group>";
		};
		9AC49E6C1A71A5A800F391C0 /* Supporting Files */ = {
			isa = PBXGroup;
			children = (
				9AC49E6D1A71A5A800F391C0 /* Info.plist */,
			);
			name = "Supporting Files";
			sourceTree = "<group>";
		};
		9AC49E781A71A5F500F391C0 /* Frameworks */ = {
			isa = PBXGroup;
			children = (
				9AC49E791A71A60000F391C0 /* MSF */,
			);
			path = Frameworks;
			sourceTree = "<group>";
		};
		9AC49E791A71A60000F391C0 /* MSF */ = {
			isa = PBXGroup;
			children = (
				9AC49E7A1A71A60000F391C0 /* common */,
				9AC49E881A71A60000F391C0 /* WebSocket.swift */,
			);
			path = MSF;
			sourceTree = "<group>";
		};
		9AC49E7A1A71A60000F391C0 /* common */ = {
			isa = PBXGroup;
			children = (
				9AC49E7B1A71A60000F391C0 /* Application.swift */,
				9AC49E7C1A71A60000F391C0 /* Channel.swift */,
				9AC49E7D1A71A60000F391C0 /* ChannelClient.swift */,
				9AC49E7E1A71A60000F391C0 /* ChannelTransport.swift */,
				9AC49E7F1A71A60000F391C0 /* Device.swift */,
				9AC49E801A71A60000F391C0 /* JSON.swift */,
				9AC49E811A71A60000F391C0 /* MDNSDiscoveryProvider.swift */,
				9AC49E821A71A60000F391C0 /* Message.swift */,
				9AC49E831A71A60000F391C0 /* Requester.swift */,
				9AC49E841A71A60000F391C0 /* RPCMessaje.swift */,
				9AC49E851A71A60000F391C0 /* Service.swift */,
				9AC49E861A71A60000F391C0 /* ServiceSearch.swift */,
				9AC49E871A71A60000F391C0 /* WebSocketTransport.swift */,
			);
			path = common;
			sourceTree = "<group>";
		};
		9AC49EA51A71A60D00F391C0 /* Model */ = {
			isa = PBXGroup;
			children = (
				9AC49EA61A71A60D00F391C0 /* Gallery.swift */,
				9AC49EA81A71A60D00F391C0 /* MultiScreenManager.swift */,
			);
			path = Model;
			sourceTree = "<group>";
		};
		9AC49EA91A71A60D00F391C0 /* ViewControllers */ = {
			isa = PBXGroup;
			children = (
				9AC49EAA1A71A60D00F391C0 /* CommonVC */,
				9A36840A1A81833900B3C052 /* MoreMenuView */,
				9AC49EB01A71A60D00F391C0 /* WelcomeView */,
				9AC49EAC1A71A60D00F391C0 /* HomePhotoGalleryCVC */,
				9AC49EB31A71A60D00F391C0 /* PhotoGalleryDetailsVC */,
				9A76A9061A7C0706007B05D4 /* CompatibleTVsView */,
				9A76A8FF1A7AEE99007B05D4 /* HowToVC */,
				9AC49EB61A71A60D00F391C0 /* ServicesFoundVC */,
			);
			path = ViewControllers;
			sourceTree = "<group>";
		};
		9AC49EAA1A71A60D00F391C0 /* CommonVC */ = {
			isa = PBXGroup;
			children = (
				9AC49EAB1A71A60D00F391C0 /* CommonVC.swift */,
			);
			path = CommonVC;
			sourceTree = "<group>";
		};
		9AC49EAC1A71A60D00F391C0 /* HomePhotoGalleryCVC */ = {
			isa = PBXGroup;
			children = (
				9AC49EAD1A71A60D00F391C0 /* HomePhotoGalleryVC.swift */,
				9A56D16D1A77EC180026EFF3 /* HomePhotoGalleryVCCell.swift */,
				9AC7F2D21A805C9E00CBC946 /* HomePhotoGalleryHeaderView.xib */,
				9AC7F2D51A805CAA00CBC946 /* HomePhotoGalleryHeaderView.swift */,
			);
			path = HomePhotoGalleryCVC;
			sourceTree = "<group>";
		};
		9AC49EB01A71A60D00F391C0 /* WelcomeView */ = {
			isa = PBXGroup;
			children = (
				9AC49EB11A71A60D00F391C0 /* WelcomeView.swift */,
				9AC49EB21A71A60D00F391C0 /* WelcomeView.xib */,
			);
			name = WelcomeView;
			path = HomePhotoGalleryCVC/WelcomeView;
			sourceTree = "<group>";
		};
		9AC49EB31A71A60D00F391C0 /* PhotoGalleryDetailsVC */ = {
			isa = PBXGroup;
			children = (
				9AC49EB41A71A60D00F391C0 /* PhotoFullScreenPagerVC.swift */,
				9AC49EB51A71A60D00F391C0 /* PhotoFullScreenVC.swift */,
			);
			path = PhotoGalleryDetailsVC;
			sourceTree = "<group>";
		};
		9AC49EB61A71A60D00F391C0 /* ServicesFoundVC */ = {
			isa = PBXGroup;
			children = (
				9A76A8ED1A7A818D007B05D4 /* ServicesFoundView.xib */,
				9A76A8F01A7A81A8007B05D4 /* ServicesFoundView.swift */,
				9A76A8F31A7A83D8007B05D4 /* ServicesFoundTVCell.swift */,
				9A76A8F41A7A83D8007B05D4 /* ServicesFoundTVCell.xib */,
				9A76A8F91A7A9AA7007B05D4 /* ServicesFoundHeaderVIew.xib */,
				9A76A8FC1A7A9AB7007B05D4 /* ServicesFoundHeaderVIew.swift */,
			);
			path = ServicesFoundVC;
			sourceTree = "<group>";
		};
/* End PBXGroup section */

/* Begin PBXNativeTarget section */
		9AC49E521A71A5A800F391C0 /* MultiScreenPhoto */ = {
			isa = PBXNativeTarget;
			buildConfigurationList = 9AC49E721A71A5A800F391C0 /* Build configuration list for PBXNativeTarget "MultiScreenPhoto" */;
			buildPhases = (
				9AC49E4F1A71A5A800F391C0 /* Sources */,
				9AC49E501A71A5A800F391C0 /* Frameworks */,
				9AC49E511A71A5A800F391C0 /* Resources */,
			);
			buildRules = (
			);
			dependencies = (
			);
			name = MultiScreenPhoto;
			productName = MultiScreenPhoto;
			productReference = 9AC49E531A71A5A800F391C0 /* MultiScreenPhoto.app */;
			productType = "com.apple.product-type.application";
		};
		9AC49E671A71A5A800F391C0 /* MultiScreenPhotoTests */ = {
			isa = PBXNativeTarget;
			buildConfigurationList = 9AC49E751A71A5A800F391C0 /* Build configuration list for PBXNativeTarget "MultiScreenPhotoTests" */;
			buildPhases = (
				9AC49E641A71A5A800F391C0 /* Sources */,
				9AC49E651A71A5A800F391C0 /* Frameworks */,
				9AC49E661A71A5A800F391C0 /* Resources */,
			);
			buildRules = (
			);
			dependencies = (
				9AC49E6A1A71A5A800F391C0 /* PBXTargetDependency */,
			);
			name = MultiScreenPhotoTests;
			productName = MultiScreenPhotoTests;
			productReference = 9AC49E681A71A5A800F391C0 /* MultiScreenPhotoTests.xctest */;
			productType = "com.apple.product-type.bundle.unit-test";
		};
/* End PBXNativeTarget section */

/* Begin PBXProject section */
		9AC49E4B1A71A5A800F391C0 /* Project object */ = {
			isa = PBXProject;
			attributes = {
				LastUpgradeCheck = 0610;
				ORGANIZATIONNAME = Koombea;
				TargetAttributes = {
					9AC49E521A71A5A800F391C0 = {
						CreatedOnToolsVersion = 6.1.1;
						DevelopmentTeam = SHCLPJTU4V;
					};
					9AC49E671A71A5A800F391C0 = {
						CreatedOnToolsVersion = 6.1.1;
						DevelopmentTeam = SHCLPJTU4V;
						TestTargetID = 9AC49E521A71A5A800F391C0;
					};
				};
			};
			buildConfigurationList = 9AC49E4E1A71A5A800F391C0 /* Build configuration list for PBXProject "MultiScreenPhoto" */;
			compatibilityVersion = "Xcode 3.2";
			developmentRegion = English;
			hasScannedForEncodings = 0;
			knownRegions = (
				en,
				Base,
			);
			mainGroup = 9AC49E4A1A71A5A800F391C0;
			productRefGroup = 9AC49E541A71A5A800F391C0 /* Products */;
			projectDirPath = "";
			projectRoot = "";
			targets = (
				9AC49E521A71A5A800F391C0 /* MultiScreenPhoto */,
				9AC49E671A71A5A800F391C0 /* MultiScreenPhotoTests */,
			);
		};
/* End PBXProject section */

/* Begin PBXResourcesBuildPhase section */
		9AC49E511A71A5A800F391C0 /* Resources */ = {
			isa = PBXResourcesBuildPhase;
			buildActionMask = 2147483647;
			files = (
				9A76A8F71A7A83D8007B05D4 /* ServicesFoundTVCell.xib in Resources */,
				9AC49E5E1A71A5A800F391C0 /* Main.storyboard in Resources */,
				9AC7F2DC1A813DC300CBC946 /* CompatibleTvsList.plist in Resources */,
				9AC7F2D01A7C2A3F00CBC946 /* Roboto-Light.ttf in Resources */,
				9A76A8EE1A7A818D007B05D4 /* ServicesFoundView.xib in Resources */,
				9A76A8FA1A7A9AA7007B05D4 /* ServicesFoundHeaderVIew.xib in Resources */,
				9AC49E631A71A5A800F391C0 /* LaunchScreen.xib in Resources */,
				9AC7F2D31A805C9E00CBC946 /* HomePhotoGalleryHeaderView.xib in Resources */,
				9A36840E1A81835600B3C052 /* MoreMenuView.xib in Resources */,
				9AC49E601A71A5A800F391C0 /* Images.xcassets in Resources */,
				9A76A90B1A7C072A007B05D4 /* CompatibleTVsView.xib in Resources */,
				9A76A9041A7AEEBD007B05D4 /* HowToVC.xib in Resources */,
				9AC49EC81A71A60D00F391C0 /* WelcomeView.xib in Resources */,
			);
			runOnlyForDeploymentPostprocessing = 0;
		};
		9AC49E661A71A5A800F391C0 /* Resources */ = {
			isa = PBXResourcesBuildPhase;
			buildActionMask = 2147483647;
			files = (
				9A76A90C1A7C072A007B05D4 /* CompatibleTVsView.xib in Resources */,
				9A76A8FB1A7A9AA7007B05D4 /* ServicesFoundHeaderVIew.xib in Resources */,
				9A76A9051A7AEEBD007B05D4 /* HowToVC.xib in Resources */,
				9A76A8F81A7A83D8007B05D4 /* ServicesFoundTVCell.xib in Resources */,
				9AC7F2D11A7C2A3F00CBC946 /* Roboto-Light.ttf in Resources */,
				9AC7F2DD1A813DC300CBC946 /* CompatibleTvsList.plist in Resources */,
				9AC49EC91A71A60D00F391C0 /* WelcomeView.xib in Resources */,
				9A76A8EF1A7A818D007B05D4 /* ServicesFoundView.xib in Resources */,
				9AC7F2D41A805C9E00CBC946 /* HomePhotoGalleryHeaderView.xib in Resources */,
			);
			runOnlyForDeploymentPostprocessing = 0;
		};
/* End PBXResourcesBuildPhase section */

/* Begin PBXSourcesBuildPhase section */
		9AC49E4F1A71A5A800F391C0 /* Sources */ = {
			isa = PBXSourcesBuildPhase;
			buildActionMask = 2147483647;
			files = (
				9AC49EB81A71A60D00F391C0 /* Gallery.swift in Sources */,
				9AC49E9B1A71A60000F391C0 /* RPCMessaje.swift in Sources */,
				9AC49EA31A71A60000F391C0 /* WebSocket.swift in Sources */,
				9A56D16E1A77EC180026EFF3 /* HomePhotoGalleryVCCell.swift in Sources */,
				9A76A8F11A7A81A8007B05D4 /* ServicesFoundView.swift in Sources */,
				9AC49E9D1A71A60000F391C0 /* Service.swift in Sources */,
				9AC49E891A71A60000F391C0 /* Application.swift in Sources */,
				9AC49ECA1A71A60D00F391C0 /* PhotoFullScreenPagerVC.swift in Sources */,
				9A76A9081A7C071E007B05D4 /* CompatibleTVsView.swift in Sources */,
				9AC49E9F1A71A60000F391C0 /* ServiceSearch.swift in Sources */,
				9A76A9021A7AEEBD007B05D4 /* HowToVC.swift in Sources */,
				9AC49E8B1A71A60000F391C0 /* Channel.swift in Sources */,
				9AC49E8D1A71A60000F391C0 /* ChannelClient.swift in Sources */,
				9AC49EBC1A71A60D00F391C0 /* MultiScreenManager.swift in Sources */,
				9A76A8FD1A7A9AB7007B05D4 /* ServicesFoundHeaderVIew.swift in Sources */,
				9AC49E951A71A60000F391C0 /* MDNSDiscoveryProvider.swift in Sources */,
				9AC49EA11A71A60000F391C0 /* WebSocketTransport.swift in Sources */,
				9AC49E5B1A71A5A800F391C0 /* ViewController.swift in Sources */,
				9AC7F2D61A805CAA00CBC946 /* HomePhotoGalleryHeaderView.swift in Sources */,
				9A76A8F51A7A83D8007B05D4 /* ServicesFoundTVCell.swift in Sources */,
				9AC49ECC1A71A60D00F391C0 /* PhotoFullScreenVC.swift in Sources */,
				9AC49E591A71A5A800F391C0 /* AppDelegate.swift in Sources */,
				9AC49E911A71A60000F391C0 /* Device.swift in Sources */,
				9AC49EBE1A71A60D00F391C0 /* CommonVC.swift in Sources */,
				9AC49E971A71A60000F391C0 /* Message.swift in Sources */,
				9AC49EC61A71A60D00F391C0 /* WelcomeView.swift in Sources */,
				9AC49EC01A71A60D00F391C0 /* HomePhotoGalleryVC.swift in Sources */,
				9A36840C1A81834C00B3C052 /* MoreMenuView.swift in Sources */,
				9AC49E8F1A71A60000F391C0 /* ChannelTransport.swift in Sources */,
				9AC49E991A71A60000F391C0 /* Requester.swift in Sources */,
				9AC49E931A71A60000F391C0 /* JSON.swift in Sources */,
			);
			runOnlyForDeploymentPostprocessing = 0;
		};
		9AC49E641A71A5A800F391C0 /* Sources */ = {
			isa = PBXSourcesBuildPhase;
			buildActionMask = 2147483647;
			files = (
				9AC49E8A1A71A60000F391C0 /* Application.swift in Sources */,
				9AC49E941A71A60000F391C0 /* JSON.swift in Sources */,
				9AC49E901A71A60000F391C0 /* ChannelTransport.swift in Sources */,
				9AC49E981A71A60000F391C0 /* Message.swift in Sources */,
				9AC49EA41A71A60000F391C0 /* WebSocket.swift in Sources */,
				9AC49E961A71A60000F391C0 /* MDNSDiscoveryProvider.swift in Sources */,
				9A56D16F1A77EC180026EFF3 /* HomePhotoGalleryVCCell.swift in Sources */,
				9AC49EC11A71A60D00F391C0 /* HomePhotoGalleryVC.swift in Sources */,
				9AC49EA01A71A60000F391C0 /* ServiceSearch.swift in Sources */,
				9AC49EC71A71A60D00F391C0 /* WelcomeView.swift in Sources */,
				9A76A8FE1A7A9AB7007B05D4 /* ServicesFoundHeaderVIew.swift in Sources */,
				9AC49E9E1A71A60000F391C0 /* Service.swift in Sources */,
				9A75A9461A8187C90051ABB6 /* MoreMenuView.swift in Sources */,
				9AC7F2D71A805CAA00CBC946 /* HomePhotoGalleryHeaderView.swift in Sources */,
				9A76A9031A7AEEBD007B05D4 /* HowToVC.swift in Sources */,
				9A76A8F61A7A83D8007B05D4 /* ServicesFoundTVCell.swift in Sources */,
				9AC49EB91A71A60D00F391C0 /* Gallery.swift in Sources */,
				9A76A9091A7C071E007B05D4 /* CompatibleTVsView.swift in Sources */,
				9AC49EBF1A71A60D00F391C0 /* CommonVC.swift in Sources */,
				9AC49ECB1A71A60D00F391C0 /* PhotoFullScreenPagerVC.swift in Sources */,
				9AC49ECD1A71A60D00F391C0 /* PhotoFullScreenVC.swift in Sources */,
				9AC49E8C1A71A60000F391C0 /* Channel.swift in Sources */,
				9AC49E921A71A60000F391C0 /* Device.swift in Sources */,
				9AC49EA21A71A60000F391C0 /* WebSocketTransport.swift in Sources */,
				9AC49E8E1A71A60000F391C0 /* ChannelClient.swift in Sources */,
				9AC49EBD1A71A60D00F391C0 /* MultiScreenManager.swift in Sources */,
				9AC49E9A1A71A60000F391C0 /* Requester.swift in Sources */,
				9A76A8F21A7A81A8007B05D4 /* ServicesFoundView.swift in Sources */,
				9AC49E6F1A71A5A800F391C0 /* MultiScreenPhotoTests.swift in Sources */,
				9AC49E9C1A71A60000F391C0 /* RPCMessaje.swift in Sources */,
			);
			runOnlyForDeploymentPostprocessing = 0;
		};
/* End PBXSourcesBuildPhase section */

/* Begin PBXTargetDependency section */
		9AC49E6A1A71A5A800F391C0 /* PBXTargetDependency */ = {
			isa = PBXTargetDependency;
			target = 9AC49E521A71A5A800F391C0 /* MultiScreenPhoto */;
			targetProxy = 9AC49E691A71A5A800F391C0 /* PBXContainerItemProxy */;
		};
/* End PBXTargetDependency section */

/* Begin PBXVariantGroup section */
		9AC49E5C1A71A5A800F391C0 /* Main.storyboard */ = {
			isa = PBXVariantGroup;
			children = (
				9AC49E5D1A71A5A800F391C0 /* Base */,
			);
			name = Main.storyboard;
			sourceTree = "<group>";
		};
		9AC49E611A71A5A800F391C0 /* LaunchScreen.xib */ = {
			isa = PBXVariantGroup;
			children = (
				9AC49E621A71A5A800F391C0 /* Base */,
			);
			name = LaunchScreen.xib;
			sourceTree = "<group>";
		};
/* End PBXVariantGroup section */

/* Begin XCBuildConfiguration section */
		9AC49E701A71A5A800F391C0 /* Debug */ = {
			isa = XCBuildConfiguration;
			buildSettings = {
				ALWAYS_SEARCH_USER_PATHS = NO;
				CLANG_CXX_LANGUAGE_STANDARD = "gnu++0x";
				CLANG_CXX_LIBRARY = "libc++";
				CLANG_ENABLE_MODULES = YES;
				CLANG_ENABLE_OBJC_ARC = YES;
				CLANG_WARN_BOOL_CONVERSION = YES;
				CLANG_WARN_CONSTANT_CONVERSION = YES;
				CLANG_WARN_DIRECT_OBJC_ISA_USAGE = YES_ERROR;
				CLANG_WARN_EMPTY_BODY = YES;
				CLANG_WARN_ENUM_CONVERSION = YES;
				CLANG_WARN_INT_CONVERSION = YES;
				CLANG_WARN_OBJC_ROOT_CLASS = YES_ERROR;
				CLANG_WARN_UNREACHABLE_CODE = YES;
				CLANG_WARN__DUPLICATE_METHOD_MATCH = YES;
				CODE_SIGN_IDENTITY = "iPhone Distribution: Koombea Inc.";
				"CODE_SIGN_IDENTITY[sdk=iphoneos*]" = "iPhone Distribution: Koombea Inc.";
				COPY_PHASE_STRIP = NO;
				ENABLE_STRICT_OBJC_MSGSEND = YES;
				GCC_C_LANGUAGE_STANDARD = gnu99;
				GCC_DYNAMIC_NO_PIC = NO;
				GCC_OPTIMIZATION_LEVEL = 0;
				GCC_PREPROCESSOR_DEFINITIONS = (
					"DEBUG=1",
					"$(inherited)",
				);
				GCC_SYMBOLS_PRIVATE_EXTERN = NO;
				GCC_WARN_64_TO_32_BIT_CONVERSION = YES;
				GCC_WARN_ABOUT_RETURN_TYPE = YES_ERROR;
				GCC_WARN_UNDECLARED_SELECTOR = YES;
				GCC_WARN_UNINITIALIZED_AUTOS = YES_AGGRESSIVE;
				GCC_WARN_UNUSED_FUNCTION = YES;
				GCC_WARN_UNUSED_VARIABLE = YES;
				IPHONEOS_DEPLOYMENT_TARGET = 7.0;
				MTL_ENABLE_DEBUG_INFO = YES;
				ONLY_ACTIVE_ARCH = YES;
				PROVISIONING_PROFILE = "202ccad9-c291-4ecc-ad7d-93866f44d60f";
				SDKROOT = iphoneos;
				SWIFT_OBJC_BRIDGING_HEADER = "";
				SWIFT_OPTIMIZATION_LEVEL = "-Onone";
			};
			name = Debug;
		};
		9AC49E711A71A5A800F391C0 /* Release */ = {
			isa = XCBuildConfiguration;
			buildSettings = {
				ALWAYS_SEARCH_USER_PATHS = NO;
				CLANG_CXX_LANGUAGE_STANDARD = "gnu++0x";
				CLANG_CXX_LIBRARY = "libc++";
				CLANG_ENABLE_MODULES = YES;
				CLANG_ENABLE_OBJC_ARC = YES;
				CLANG_WARN_BOOL_CONVERSION = YES;
				CLANG_WARN_CONSTANT_CONVERSION = YES;
				CLANG_WARN_DIRECT_OBJC_ISA_USAGE = YES_ERROR;
				CLANG_WARN_EMPTY_BODY = YES;
				CLANG_WARN_ENUM_CONVERSION = YES;
				CLANG_WARN_INT_CONVERSION = YES;
				CLANG_WARN_OBJC_ROOT_CLASS = YES_ERROR;
				CLANG_WARN_UNREACHABLE_CODE = YES;
				CLANG_WARN__DUPLICATE_METHOD_MATCH = YES;
				CODE_SIGN_IDENTITY = "iPhone Distribution: Koombea Inc.";
				"CODE_SIGN_IDENTITY[sdk=iphoneos*]" = "iPhone Distribution: Koombea Inc.";
				COPY_PHASE_STRIP = YES;
				ENABLE_NS_ASSERTIONS = NO;
				ENABLE_STRICT_OBJC_MSGSEND = YES;
				GCC_C_LANGUAGE_STANDARD = gnu99;
				GCC_WARN_64_TO_32_BIT_CONVERSION = YES;
				GCC_WARN_ABOUT_RETURN_TYPE = YES_ERROR;
				GCC_WARN_UNDECLARED_SELECTOR = YES;
				GCC_WARN_UNINITIALIZED_AUTOS = YES_AGGRESSIVE;
				GCC_WARN_UNUSED_FUNCTION = YES;
				GCC_WARN_UNUSED_VARIABLE = YES;
				IPHONEOS_DEPLOYMENT_TARGET = 7.0;
				MTL_ENABLE_DEBUG_INFO = NO;
				PROVISIONING_PROFILE = "202ccad9-c291-4ecc-ad7d-93866f44d60f";
				SDKROOT = iphoneos;
				SWIFT_OBJC_BRIDGING_HEADER = "";
				VALIDATE_PRODUCT = YES;
			};
			name = Release;
		};
		9AC49E731A71A5A800F391C0 /* Debug */ = {
			isa = XCBuildConfiguration;
			buildSettings = {
				ASSETCATALOG_COMPILER_APPICON_NAME = AppIcon;
				ASSETCATALOG_COMPILER_LAUNCHIMAGE_NAME = LaunchImage;
				CODE_SIGN_IDENTITY = "iPhone Distribution: Koombea Inc.";
				INFOPLIST_FILE = MultiScreenPhoto/Info.plist;
				LD_RUNPATH_SEARCH_PATHS = "$(inherited) @executable_path/Frameworks";
				PRODUCT_NAME = "$(TARGET_NAME)";
				PROVISIONING_PROFILE = "202ccad9-c291-4ecc-ad7d-93866f44d60f";
				SWIFT_OBJC_BRIDGING_HEADER = "";
			};
			name = Debug;
		};
		9AC49E741A71A5A800F391C0 /* Release */ = {
			isa = XCBuildConfiguration;
			buildSettings = {
				ASSETCATALOG_COMPILER_APPICON_NAME = AppIcon;
				ASSETCATALOG_COMPILER_LAUNCHIMAGE_NAME = LaunchImage;
				CODE_SIGN_IDENTITY = "iPhone Distribution: Koombea Inc.";
				INFOPLIST_FILE = MultiScreenPhoto/Info.plist;
				LD_RUNPATH_SEARCH_PATHS = "$(inherited) @executable_path/Frameworks";
				PRODUCT_NAME = "$(TARGET_NAME)";
				PROVISIONING_PROFILE = "202ccad9-c291-4ecc-ad7d-93866f44d60f";
				SWIFT_OBJC_BRIDGING_HEADER = "";
			};
			name = Release;
		};
		9AC49E761A71A5A800F391C0 /* Debug */ = {
			isa = XCBuildConfiguration;
			buildSettings = {
				BUNDLE_LOADER = "$(TEST_HOST)";
				CODE_SIGN_IDENTITY = "iPhone Developer";
				"CODE_SIGN_IDENTITY[sdk=iphoneos*]" = "iPhone Developer";
				FRAMEWORK_SEARCH_PATHS = (
					"$(SDKROOT)/Developer/Library/Frameworks",
					"$(inherited)",
				);
				GCC_PREPROCESSOR_DEFINITIONS = (
					"DEBUG=1",
					"$(inherited)",
				);
				INFOPLIST_FILE = MultiScreenPhotoTests/Info.plist;
				LD_RUNPATH_SEARCH_PATHS = "$(inherited) @executable_path/Frameworks @loader_path/Frameworks";
				PRODUCT_NAME = "$(TARGET_NAME)";
				PROVISIONING_PROFILE = "";
				TEST_HOST = "$(BUILT_PRODUCTS_DIR)/MultiScreenPhoto.app/MultiScreenPhoto";
			};
			name = Debug;
		};
		9AC49E771A71A5A800F391C0 /* Release */ = {
			isa = XCBuildConfiguration;
			buildSettings = {
				BUNDLE_LOADER = "$(TEST_HOST)";
				CODE_SIGN_IDENTITY = "iPhone Developer";
				"CODE_SIGN_IDENTITY[sdk=iphoneos*]" = "iPhone Developer";
				FRAMEWORK_SEARCH_PATHS = (
					"$(SDKROOT)/Developer/Library/Frameworks",
					"$(inherited)",
				);
				INFOPLIST_FILE = MultiScreenPhotoTests/Info.plist;
				LD_RUNPATH_SEARCH_PATHS = "$(inherited) @executable_path/Frameworks @loader_path/Frameworks";
				PRODUCT_NAME = "$(TARGET_NAME)";
				PROVISIONING_PROFILE = "";
				TEST_HOST = "$(BUILT_PRODUCTS_DIR)/MultiScreenPhoto.app/MultiScreenPhoto";
			};
			name = Release;
		};
/* End XCBuildConfiguration section */

/* Begin XCConfigurationList section */
		9AC49E4E1A71A5A800F391C0 /* Build configuration list for PBXProject "MultiScreenPhoto" */ = {
			isa = XCConfigurationList;
			buildConfigurations = (
				9AC49E701A71A5A800F391C0 /* Debug */,
				9AC49E711A71A5A800F391C0 /* Release */,
			);
			defaultConfigurationIsVisible = 0;
			defaultConfigurationName = Release;
		};
		9AC49E721A71A5A800F391C0 /* Build configuration list for PBXNativeTarget "MultiScreenPhoto" */ = {
			isa = XCConfigurationList;
			buildConfigurations = (
				9AC49E731A71A5A800F391C0 /* Debug */,
				9AC49E741A71A5A800F391C0 /* Release */,
			);
			defaultConfigurationIsVisible = 0;
			defaultConfigurationName = Release;
		};
		9AC49E751A71A5A800F391C0 /* Build configuration list for PBXNativeTarget "MultiScreenPhotoTests" */ = {
			isa = XCConfigurationList;
			buildConfigurations = (
				9AC49E761A71A5A800F391C0 /* Debug */,
				9AC49E771A71A5A800F391C0 /* Release */,
			);
			defaultConfigurationIsVisible = 0;
			defaultConfigurationName = Release;
		};
/* End XCConfigurationList section */
	};
	rootObject = 9AC49E4B1A71A5A800F391C0 /* Project object */;
}
