// !$*UTF8*$!
{
	archiveVersion = 1;
	classes = {
	};
	objectVersion = 46;
	objects = {

/* Begin PBXBuildFile section */
		9A67BB9B1A66B9660045510B /* AppDelegate.swift in Sources */ = {isa = PBXBuildFile; fileRef = 9A67BB9A1A66B9660045510B /* AppDelegate.swift */; };
		9A67BBA01A66B9660045510B /* Main.storyboard in Resources */ = {isa = PBXBuildFile; fileRef = 9A67BB9E1A66B9660045510B /* Main.storyboard */; };
		9A67BBA51A66B9660045510B /* LaunchScreen.xib in Resources */ = {isa = PBXBuildFile; fileRef = 9A67BBA31A66B9660045510B /* LaunchScreen.xib */; };
		9A67BBB11A66B9660045510B /* multiscreen_demoTests.swift in Sources */ = {isa = PBXBuildFile; fileRef = 9A67BBB01A66B9660045510B /* multiscreen_demoTests.swift */; };
		9A67BBC91A66BB080045510B /* Gallery.swift in Sources */ = {isa = PBXBuildFile; fileRef = 9A67BBC81A66BB080045510B /* Gallery.swift */; };
		9A67BBD71A6706850045510B /* PhotoGalleryDetailsVC.swift in Sources */ = {isa = PBXBuildFile; fileRef = 9A67BBD61A6706850045510B /* PhotoGalleryDetailsVC.swift */; };
		9A67BBD91A6706AF0045510B /* PhotoPageContentVC.swift in Sources */ = {isa = PBXBuildFile; fileRef = 9A67BBD81A6706AF0045510B /* PhotoPageContentVC.swift */; };
		9A67BBFB1A68597C0045510B /* TVIntegration.swift in Sources */ = {isa = PBXBuildFile; fileRef = 9A67BBFA1A68597C0045510B /* TVIntegration.swift */; };
		9AF6FC291A6D525700A8EDFB /* HomePhotoGalleryCVC.swift in Sources */ = {isa = PBXBuildFile; fileRef = 9AF6FC271A6D525700A8EDFB /* HomePhotoGalleryCVC.swift */; };
		9AF6FC2A1A6D525700A8EDFB /* HomePhotoGalleryCVCCell.swift in Sources */ = {isa = PBXBuildFile; fileRef = 9AF6FC281A6D525700A8EDFB /* HomePhotoGalleryCVCCell.swift */; };
		9AF6FC3F1A6D65ED00A8EDFB /* QuartzCore.framework in Frameworks */ = {isa = PBXBuildFile; fileRef = 9AF6FC3E1A6D65ED00A8EDFB /* QuartzCore.framework */; };
		9AF6FC421A6D669F00A8EDFB /* WelcomeView.xib in Resources */ = {isa = PBXBuildFile; fileRef = 9AF6FC411A6D669F00A8EDFB /* WelcomeView.xib */; };
		9AF6FC441A6D66EB00A8EDFB /* WelcomeView.swift in Sources */ = {isa = PBXBuildFile; fileRef = 9AF6FC431A6D66EB00A8EDFB /* WelcomeView.swift */; };
		9AF6FC471A6D9B5900A8EDFB /* WebSocket.swift in Sources */ = {isa = PBXBuildFile; fileRef = 9AF6FC461A6D9B5900A8EDFB /* WebSocket.swift */; };
		9AF6FC561A6D9B6900A8EDFB /* Application.swift in Sources */ = {isa = PBXBuildFile; fileRef = 9AF6FC491A6D9B6900A8EDFB /* Application.swift */; };
		9AF6FC571A6D9B6900A8EDFB /* Channel.swift in Sources */ = {isa = PBXBuildFile; fileRef = 9AF6FC4A1A6D9B6900A8EDFB /* Channel.swift */; };
		9AF6FC581A6D9B6900A8EDFB /* ChannelClient.swift in Sources */ = {isa = PBXBuildFile; fileRef = 9AF6FC4B1A6D9B6900A8EDFB /* ChannelClient.swift */; };
		9AF6FC591A6D9B6900A8EDFB /* ChannelTransport.swift in Sources */ = {isa = PBXBuildFile; fileRef = 9AF6FC4C1A6D9B6900A8EDFB /* ChannelTransport.swift */; };
		9AF6FC5A1A6D9B6900A8EDFB /* Device.swift in Sources */ = {isa = PBXBuildFile; fileRef = 9AF6FC4D1A6D9B6900A8EDFB /* Device.swift */; };
		9AF6FC5B1A6D9B6900A8EDFB /* JSON.swift in Sources */ = {isa = PBXBuildFile; fileRef = 9AF6FC4E1A6D9B6900A8EDFB /* JSON.swift */; };
		9AF6FC5C1A6D9B6900A8EDFB /* MDNSDiscoveryProvider.swift in Sources */ = {isa = PBXBuildFile; fileRef = 9AF6FC4F1A6D9B6900A8EDFB /* MDNSDiscoveryProvider.swift */; };
		9AF6FC5D1A6D9B6900A8EDFB /* Message.swift in Sources */ = {isa = PBXBuildFile; fileRef = 9AF6FC501A6D9B6900A8EDFB /* Message.swift */; };
		9AF6FC5E1A6D9B6900A8EDFB /* Requester.swift in Sources */ = {isa = PBXBuildFile; fileRef = 9AF6FC511A6D9B6900A8EDFB /* Requester.swift */; };
		9AF6FC5F1A6D9B6900A8EDFB /* RPCMessaje.swift in Sources */ = {isa = PBXBuildFile; fileRef = 9AF6FC521A6D9B6900A8EDFB /* RPCMessaje.swift */; };
		9AF6FC601A6D9B6900A8EDFB /* Service.swift in Sources */ = {isa = PBXBuildFile; fileRef = 9AF6FC531A6D9B6900A8EDFB /* Service.swift */; };
		9AF6FC611A6D9B6900A8EDFB /* ServiceSearch.swift in Sources */ = {isa = PBXBuildFile; fileRef = 9AF6FC541A6D9B6900A8EDFB /* ServiceSearch.swift */; };
		9AF6FC621A6D9B6900A8EDFB /* WebSocketTransport.swift in Sources */ = {isa = PBXBuildFile; fileRef = 9AF6FC551A6D9B6900A8EDFB /* WebSocketTransport.swift */; };
		9AF6FC691A6EA07400A8EDFB /* HomePhotoGalleryHeaderCRV.swift in Sources */ = {isa = PBXBuildFile; fileRef = 9AF6FC681A6EA07400A8EDFB /* HomePhotoGalleryHeaderCRV.swift */; };
		9AF6FC7D1A6EBE5900A8EDFB /* ServicesFoundVC.swift in Sources */ = {isa = PBXBuildFile; fileRef = 9AF6FC7B1A6EBE5900A8EDFB /* ServicesFoundVC.swift */; };
		9AF6FC851A6EE16400A8EDFB /* CommonVC.swift in Sources */ = {isa = PBXBuildFile; fileRef = 9AF6FC841A6EE16400A8EDFB /* CommonVC.swift */; };
		9AF6FC891A70429700A8EDFB /* Images.xcassets in Resources */ = {isa = PBXBuildFile; fileRef = 9AF6FC881A70429700A8EDFB /* Images.xcassets */; };
/* End PBXBuildFile section */

/* Begin PBXContainerItemProxy section */
		9A67BBAB1A66B9660045510B /* PBXContainerItemProxy */ = {
			isa = PBXContainerItemProxy;
			containerPortal = 9A67BB8D1A66B9660045510B /* Project object */;
			proxyType = 1;
			remoteGlobalIDString = 9A67BB941A66B9660045510B;
			remoteInfo = "multiscreen-demo";
		};
/* End PBXContainerItemProxy section */

/* Begin PBXCopyFilesBuildPhase section */
		9A67BC271A685FAF0045510B /* Embed Frameworks */ = {
			isa = PBXCopyFilesBuildPhase;
			buildActionMask = 2147483647;
			dstPath = "";
			dstSubfolderSpec = 10;
			files = (
			);
			name = "Embed Frameworks";
			runOnlyForDeploymentPostprocessing = 0;
		};
/* End PBXCopyFilesBuildPhase section */

/* Begin PBXFileReference section */
		9A67BB951A66B9660045510B /* PhotoShare.app */ = {isa = PBXFileReference; explicitFileType = wrapper.application; includeInIndex = 0; path = PhotoShare.app; sourceTree = BUILT_PRODUCTS_DIR; };
		9A67BB991A66B9660045510B /* Info.plist */ = {isa = PBXFileReference; lastKnownFileType = text.plist.xml; path = Info.plist; sourceTree = "<group>"; };
		9A67BB9A1A66B9660045510B /* AppDelegate.swift */ = {isa = PBXFileReference; lastKnownFileType = sourcecode.swift; path = AppDelegate.swift; sourceTree = "<group>"; };
		9A67BB9F1A66B9660045510B /* Base */ = {isa = PBXFileReference; lastKnownFileType = file.storyboard; name = Base; path = Base.lproj/Main.storyboard; sourceTree = "<group>"; };
		9A67BBA41A66B9660045510B /* Base */ = {isa = PBXFileReference; lastKnownFileType = file.xib; name = Base; path = Base.lproj/LaunchScreen.xib; sourceTree = "<group>"; };
		9A67BBAA1A66B9660045510B /* PhotoShareTests.xctest */ = {isa = PBXFileReference; explicitFileType = wrapper.cfbundle; includeInIndex = 0; path = PhotoShareTests.xctest; sourceTree = BUILT_PRODUCTS_DIR; };
		9A67BBAF1A66B9660045510B /* Info.plist */ = {isa = PBXFileReference; lastKnownFileType = text.plist.xml; path = Info.plist; sourceTree = "<group>"; };
		9A67BBB01A66B9660045510B /* multiscreen_demoTests.swift */ = {isa = PBXFileReference; lastKnownFileType = sourcecode.swift; path = multiscreen_demoTests.swift; sourceTree = "<group>"; };
		9A67BBC81A66BB080045510B /* Gallery.swift */ = {isa = PBXFileReference; fileEncoding = 4; lastKnownFileType = sourcecode.swift; path = Gallery.swift; sourceTree = "<group>"; };
		9A67BBD61A6706850045510B /* PhotoGalleryDetailsVC.swift */ = {isa = PBXFileReference; fileEncoding = 4; lastKnownFileType = sourcecode.swift; path = PhotoGalleryDetailsVC.swift; sourceTree = "<group>"; };
		9A67BBD81A6706AF0045510B /* PhotoPageContentVC.swift */ = {isa = PBXFileReference; fileEncoding = 4; lastKnownFileType = sourcecode.swift; path = PhotoPageContentVC.swift; sourceTree = "<group>"; };
		9A67BBFA1A68597C0045510B /* TVIntegration.swift */ = {isa = PBXFileReference; fileEncoding = 4; lastKnownFileType = sourcecode.swift; path = TVIntegration.swift; sourceTree = "<group>"; };
		9AF6FC271A6D525700A8EDFB /* HomePhotoGalleryCVC.swift */ = {isa = PBXFileReference; fileEncoding = 4; lastKnownFileType = sourcecode.swift; path = HomePhotoGalleryCVC.swift; sourceTree = "<group>"; };
		9AF6FC281A6D525700A8EDFB /* HomePhotoGalleryCVCCell.swift */ = {isa = PBXFileReference; fileEncoding = 4; lastKnownFileType = sourcecode.swift; path = HomePhotoGalleryCVCCell.swift; sourceTree = "<group>"; };
		9AF6FC3E1A6D65ED00A8EDFB /* QuartzCore.framework */ = {isa = PBXFileReference; lastKnownFileType = wrapper.framework; name = QuartzCore.framework; path = System/Library/Frameworks/QuartzCore.framework; sourceTree = SDKROOT; };
		9AF6FC411A6D669F00A8EDFB /* WelcomeView.xib */ = {isa = PBXFileReference; fileEncoding = 4; lastKnownFileType = file.xib; path = WelcomeView.xib; sourceTree = "<group>"; };
		9AF6FC431A6D66EB00A8EDFB /* WelcomeView.swift */ = {isa = PBXFileReference; fileEncoding = 4; lastKnownFileType = sourcecode.swift; path = WelcomeView.swift; sourceTree = "<group>"; };
		9AF6FC461A6D9B5900A8EDFB /* WebSocket.swift */ = {isa = PBXFileReference; fileEncoding = 4; lastKnownFileType = sourcecode.swift; path = WebSocket.swift; sourceTree = "<group>"; };
		9AF6FC491A6D9B6900A8EDFB /* Application.swift */ = {isa = PBXFileReference; fileEncoding = 4; lastKnownFileType = sourcecode.swift; path = Application.swift; sourceTree = "<group>"; };
		9AF6FC4A1A6D9B6900A8EDFB /* Channel.swift */ = {isa = PBXFileReference; fileEncoding = 4; lastKnownFileType = sourcecode.swift; path = Channel.swift; sourceTree = "<group>"; };
		9AF6FC4B1A6D9B6900A8EDFB /* ChannelClient.swift */ = {isa = PBXFileReference; fileEncoding = 4; lastKnownFileType = sourcecode.swift; path = ChannelClient.swift; sourceTree = "<group>"; };
		9AF6FC4C1A6D9B6900A8EDFB /* ChannelTransport.swift */ = {isa = PBXFileReference; fileEncoding = 4; lastKnownFileType = sourcecode.swift; path = ChannelTransport.swift; sourceTree = "<group>"; };
		9AF6FC4D1A6D9B6900A8EDFB /* Device.swift */ = {isa = PBXFileReference; fileEncoding = 4; lastKnownFileType = sourcecode.swift; path = Device.swift; sourceTree = "<group>"; };
		9AF6FC4E1A6D9B6900A8EDFB /* JSON.swift */ = {isa = PBXFileReference; fileEncoding = 4; lastKnownFileType = sourcecode.swift; path = JSON.swift; sourceTree = "<group>"; };
		9AF6FC4F1A6D9B6900A8EDFB /* MDNSDiscoveryProvider.swift */ = {isa = PBXFileReference; fileEncoding = 4; lastKnownFileType = sourcecode.swift; path = MDNSDiscoveryProvider.swift; sourceTree = "<group>"; };
		9AF6FC501A6D9B6900A8EDFB /* Message.swift */ = {isa = PBXFileReference; fileEncoding = 4; lastKnownFileType = sourcecode.swift; path = Message.swift; sourceTree = "<group>"; };
		9AF6FC511A6D9B6900A8EDFB /* Requester.swift */ = {isa = PBXFileReference; fileEncoding = 4; lastKnownFileType = sourcecode.swift; path = Requester.swift; sourceTree = "<group>"; };
		9AF6FC521A6D9B6900A8EDFB /* RPCMessaje.swift */ = {isa = PBXFileReference; fileEncoding = 4; lastKnownFileType = sourcecode.swift; path = RPCMessaje.swift; sourceTree = "<group>"; };
		9AF6FC531A6D9B6900A8EDFB /* Service.swift */ = {isa = PBXFileReference; fileEncoding = 4; lastKnownFileType = sourcecode.swift; path = Service.swift; sourceTree = "<group>"; };
		9AF6FC541A6D9B6900A8EDFB /* ServiceSearch.swift */ = {isa = PBXFileReference; fileEncoding = 4; lastKnownFileType = sourcecode.swift; path = ServiceSearch.swift; sourceTree = "<group>"; };
		9AF6FC551A6D9B6900A8EDFB /* WebSocketTransport.swift */ = {isa = PBXFileReference; fileEncoding = 4; lastKnownFileType = sourcecode.swift; path = WebSocketTransport.swift; sourceTree = "<group>"; };
		9AF6FC681A6EA07400A8EDFB /* HomePhotoGalleryHeaderCRV.swift */ = {isa = PBXFileReference; fileEncoding = 4; lastKnownFileType = sourcecode.swift; path = HomePhotoGalleryHeaderCRV.swift; sourceTree = "<group>"; };
		9AF6FC7B1A6EBE5900A8EDFB /* ServicesFoundVC.swift */ = {isa = PBXFileReference; fileEncoding = 4; lastKnownFileType = sourcecode.swift; path = ServicesFoundVC.swift; sourceTree = "<group>"; };
		9AF6FC841A6EE16400A8EDFB /* CommonVC.swift */ = {isa = PBXFileReference; fileEncoding = 4; lastKnownFileType = sourcecode.swift; path = CommonVC.swift; sourceTree = "<group>"; };
		9AF6FC881A70429700A8EDFB /* Images.xcassets */ = {isa = PBXFileReference; lastKnownFileType = folder.assetcatalog; path = Images.xcassets; sourceTree = "<group>"; };
/* End PBXFileReference section */

/* Begin PBXFrameworksBuildPhase section */
		9A67BB921A66B9660045510B /* Frameworks */ = {
			isa = PBXFrameworksBuildPhase;
			buildActionMask = 2147483647;
			files = (
				9AF6FC3F1A6D65ED00A8EDFB /* QuartzCore.framework in Frameworks */,
			);
			runOnlyForDeploymentPostprocessing = 0;
		};
		9A67BBA71A66B9660045510B /* Frameworks */ = {
			isa = PBXFrameworksBuildPhase;
			buildActionMask = 2147483647;
			files = (
			);
			runOnlyForDeploymentPostprocessing = 0;
		};
/* End PBXFrameworksBuildPhase section */

/* Begin PBXGroup section */
		9A67BB8C1A66B9660045510B = {
			isa = PBXGroup;
			children = (
				9AF6FC3E1A6D65ED00A8EDFB /* QuartzCore.framework */,
				9A67BB971A66B9660045510B /* multiscreen-demo */,
				9A67BBAD1A66B9660045510B /* multiscreen-demoTests */,
				9A67BB961A66B9660045510B /* Products */,
			);
			sourceTree = "<group>";
		};
		9A67BB961A66B9660045510B /* Products */ = {
			isa = PBXGroup;
			children = (
				9A67BB951A66B9660045510B /* PhotoShare.app */,
				9A67BBAA1A66B9660045510B /* PhotoShareTests.xctest */,
			);
			name = Products;
			sourceTree = "<group>";
		};
		9A67BB971A66B9660045510B /* multiscreen-demo */ = {
			isa = PBXGroup;
			children = (
				9AF6FC451A6D9B4D00A8EDFB /* MSF */,
				9A67BBCC1A66C58C0045510B /* ViewControllers */,
				9A67BBBC1A66BA360045510B /* Model */,
				9A67BB9A1A66B9660045510B /* AppDelegate.swift */,
				9A67BB9E1A66B9660045510B /* Main.storyboard */,
				9A67BBA31A66B9660045510B /* LaunchScreen.xib */,
				9AF6FC881A70429700A8EDFB /* Images.xcassets */,
				9A67BB981A66B9660045510B /* Supporting Files */,
			);
			path = "multiscreen-demo";
			sourceTree = "<group>";
		};
		9A67BB981A66B9660045510B /* Supporting Files */ = {
			isa = PBXGroup;
			children = (
				9A67BB991A66B9660045510B /* Info.plist */,
			);
			name = "Supporting Files";
			sourceTree = "<group>";
		};
		9A67BBAD1A66B9660045510B /* multiscreen-demoTests */ = {
			isa = PBXGroup;
			children = (
				9A67BBB01A66B9660045510B /* multiscreen_demoTests.swift */,
				9A67BBAE1A66B9660045510B /* Supporting Files */,
			);
			path = "multiscreen-demoTests";
			sourceTree = "<group>";
		};
		9A67BBAE1A66B9660045510B /* Supporting Files */ = {
			isa = PBXGroup;
			children = (
				9A67BBAF1A66B9660045510B /* Info.plist */,
			);
			name = "Supporting Files";
			sourceTree = "<group>";
		};
		9A67BBBC1A66BA360045510B /* Model */ = {
			isa = PBXGroup;
			children = (
				9A67BBC81A66BB080045510B /* Gallery.swift */,
				9A67BBFA1A68597C0045510B /* TVIntegration.swift */,
			);
			path = Model;
			sourceTree = "<group>";
		};
		9A67BBCC1A66C58C0045510B /* ViewControllers */ = {
			isa = PBXGroup;
			children = (
				9AF6FC831A6EE15100A8EDFB /* CommonVC */,
				9AF6FC701A6EB93600A8EDFB /* ServicesFoundVC */,
				9AF6FC261A6D525700A8EDFB /* HomePhotoGalleryCVC */,
				9A67BBD51A67066A0045510B /* PhotoGalleryDetailsVC */,
			);
			path = ViewControllers;
			sourceTree = "<group>";
		};
		9A67BBD51A67066A0045510B /* PhotoGalleryDetailsVC */ = {
			isa = PBXGroup;
			children = (
				9A67BBD61A6706850045510B /* PhotoGalleryDetailsVC.swift */,
				9A67BBD81A6706AF0045510B /* PhotoPageContentVC.swift */,
			);
			path = PhotoGalleryDetailsVC;
			sourceTree = "<group>";
		};
		9AF6FC261A6D525700A8EDFB /* HomePhotoGalleryCVC */ = {
			isa = PBXGroup;
			children = (
				9AF6FC401A6D669F00A8EDFB /* WelcomeView */,
				9AF6FC271A6D525700A8EDFB /* HomePhotoGalleryCVC.swift */,
				9AF6FC281A6D525700A8EDFB /* HomePhotoGalleryCVCCell.swift */,
				9AF6FC681A6EA07400A8EDFB /* HomePhotoGalleryHeaderCRV.swift */,
			);
			path = HomePhotoGalleryCVC;
			sourceTree = "<group>";
		};
		9AF6FC401A6D669F00A8EDFB /* WelcomeView */ = {
			isa = PBXGroup;
			children = (
				9AF6FC411A6D669F00A8EDFB /* WelcomeView.xib */,
				9AF6FC431A6D66EB00A8EDFB /* WelcomeView.swift */,
			);
			path = WelcomeView;
			sourceTree = "<group>";
		};
		9AF6FC451A6D9B4D00A8EDFB /* MSF */ = {
			isa = PBXGroup;
			children = (
				9AF6FC481A6D9B6900A8EDFB /* common */,
				9AF6FC461A6D9B5900A8EDFB /* WebSocket.swift */,
			);
			path = MSF;
			sourceTree = "<group>";
		};
		9AF6FC481A6D9B6900A8EDFB /* common */ = {
			isa = PBXGroup;
			children = (
				9AF6FC491A6D9B6900A8EDFB /* Application.swift */,
				9AF6FC4A1A6D9B6900A8EDFB /* Channel.swift */,
				9AF6FC4B1A6D9B6900A8EDFB /* ChannelClient.swift */,
				9AF6FC4C1A6D9B6900A8EDFB /* ChannelTransport.swift */,
				9AF6FC4D1A6D9B6900A8EDFB /* Device.swift */,
				9AF6FC4E1A6D9B6900A8EDFB /* JSON.swift */,
				9AF6FC4F1A6D9B6900A8EDFB /* MDNSDiscoveryProvider.swift */,
				9AF6FC501A6D9B6900A8EDFB /* Message.swift */,
				9AF6FC511A6D9B6900A8EDFB /* Requester.swift */,
				9AF6FC521A6D9B6900A8EDFB /* RPCMessaje.swift */,
				9AF6FC531A6D9B6900A8EDFB /* Service.swift */,
				9AF6FC541A6D9B6900A8EDFB /* ServiceSearch.swift */,
				9AF6FC551A6D9B6900A8EDFB /* WebSocketTransport.swift */,
			);
			path = common;
			sourceTree = "<group>";
		};
		9AF6FC701A6EB93600A8EDFB /* ServicesFoundVC */ = {
			isa = PBXGroup;
			children = (
				9AF6FC7B1A6EBE5900A8EDFB /* ServicesFoundVC.swift */,
			);
			path = ServicesFoundVC;
			sourceTree = "<group>";
		};
		9AF6FC831A6EE15100A8EDFB /* CommonVC */ = {
			isa = PBXGroup;
			children = (
				9AF6FC841A6EE16400A8EDFB /* CommonVC.swift */,
			);
			path = CommonVC;
			sourceTree = "<group>";
		};
/* End PBXGroup section */

/* Begin PBXNativeTarget section */
		9A67BB941A66B9660045510B /* PhotoShare */ = {
			isa = PBXNativeTarget;
			buildConfigurationList = 9A67BBB41A66B9660045510B /* Build configuration list for PBXNativeTarget "PhotoShare" */;
			buildPhases = (
				9A67BB911A66B9660045510B /* Sources */,
				9A67BB921A66B9660045510B /* Frameworks */,
				9A67BB931A66B9660045510B /* Resources */,
				9A67BC271A685FAF0045510B /* Embed Frameworks */,
			);
			buildRules = (
			);
			dependencies = (
			);
			name = PhotoShare;
			productName = "multiscreen-demo";
			productReference = 9A67BB951A66B9660045510B /* PhotoShare.app */;
			productType = "com.apple.product-type.application";
		};
		9A67BBA91A66B9660045510B /* PhotoShareTests */ = {
			isa = PBXNativeTarget;
			buildConfigurationList = 9A67BBB71A66B9660045510B /* Build configuration list for PBXNativeTarget "PhotoShareTests" */;
			buildPhases = (
				9A67BBA61A66B9660045510B /* Sources */,
				9A67BBA71A66B9660045510B /* Frameworks */,
				9A67BBA81A66B9660045510B /* Resources */,
			);
			buildRules = (
			);
			dependencies = (
				9A67BBAC1A66B9660045510B /* PBXTargetDependency */,
			);
			name = PhotoShareTests;
			productName = "multiscreen-demoTests";
			productReference = 9A67BBAA1A66B9660045510B /* PhotoShareTests.xctest */;
			productType = "com.apple.product-type.bundle.unit-test";
		};
/* End PBXNativeTarget section */

/* Begin PBXProject section */
		9A67BB8D1A66B9660045510B /* Project object */ = {
			isa = PBXProject;
			attributes = {
				LastUpgradeCheck = 0610;
				ORGANIZATIONNAME = Koombea;
				TargetAttributes = {
					9A67BB941A66B9660045510B = {
						CreatedOnToolsVersion = 6.1.1;
						DevelopmentTeam = SHCLPJTU4V;
					};
					9A67BBA91A66B9660045510B = {
						CreatedOnToolsVersion = 6.1.1;
						DevelopmentTeam = SHCLPJTU4V;
						TestTargetID = 9A67BB941A66B9660045510B;
					};
				};
			};
			buildConfigurationList = 9A67BB901A66B9660045510B /* Build configuration list for PBXProject "PhotoShare" */;
			compatibilityVersion = "Xcode 3.2";
			developmentRegion = English;
			hasScannedForEncodings = 0;
			knownRegions = (
				en,
				Base,
			);
			mainGroup = 9A67BB8C1A66B9660045510B;
			productRefGroup = 9A67BB961A66B9660045510B /* Products */;
			projectDirPath = "";
			projectRoot = "";
			targets = (
				9A67BB941A66B9660045510B /* PhotoShare */,
				9A67BBA91A66B9660045510B /* PhotoShareTests */,
			);
		};
/* End PBXProject section */

/* Begin PBXResourcesBuildPhase section */
		9A67BB931A66B9660045510B /* Resources */ = {
			isa = PBXResourcesBuildPhase;
			buildActionMask = 2147483647;
			files = (
				9A67BBA01A66B9660045510B /* Main.storyboard in Resources */,
				9AF6FC891A70429700A8EDFB /* Images.xcassets in Resources */,
				9A67BBA51A66B9660045510B /* LaunchScreen.xib in Resources */,
				9AF6FC421A6D669F00A8EDFB /* WelcomeView.xib in Resources */,
			);
			runOnlyForDeploymentPostprocessing = 0;
		};
		9A67BBA81A66B9660045510B /* Resources */ = {
			isa = PBXResourcesBuildPhase;
			buildActionMask = 2147483647;
			files = (
			);
			runOnlyForDeploymentPostprocessing = 0;
		};
/* End PBXResourcesBuildPhase section */

/* Begin PBXSourcesBuildPhase section */
		9A67BB911A66B9660045510B /* Sources */ = {
			isa = PBXSourcesBuildPhase;
			buildActionMask = 2147483647;
			files = (
				9AF6FC561A6D9B6900A8EDFB /* Application.swift in Sources */,
				9AF6FC7D1A6EBE5900A8EDFB /* ServicesFoundVC.swift in Sources */,
				9AF6FC5F1A6D9B6900A8EDFB /* RPCMessaje.swift in Sources */,
				9A67BBC91A66BB080045510B /* Gallery.swift in Sources */,
				9AF6FC5E1A6D9B6900A8EDFB /* Requester.swift in Sources */,
				9AF6FC581A6D9B6900A8EDFB /* ChannelClient.swift in Sources */,
				9AF6FC5D1A6D9B6900A8EDFB /* Message.swift in Sources */,
				9AF6FC591A6D9B6900A8EDFB /* ChannelTransport.swift in Sources */,
				9AF6FC571A6D9B6900A8EDFB /* Channel.swift in Sources */,
				9AF6FC5A1A6D9B6900A8EDFB /* Device.swift in Sources */,
				9AF6FC5B1A6D9B6900A8EDFB /* JSON.swift in Sources */,
				9A67BBFB1A68597C0045510B /* TVIntegration.swift in Sources */,
				9AF6FC621A6D9B6900A8EDFB /* WebSocketTransport.swift in Sources */,
				9A67BBD71A6706850045510B /* PhotoGalleryDetailsVC.swift in Sources */,
				9AF6FC441A6D66EB00A8EDFB /* WelcomeView.swift in Sources */,
				9AF6FC2A1A6D525700A8EDFB /* HomePhotoGalleryCVCCell.swift in Sources */,
				9AF6FC5C1A6D9B6900A8EDFB /* MDNSDiscoveryProvider.swift in Sources */,
				9AF6FC691A6EA07400A8EDFB /* HomePhotoGalleryHeaderCRV.swift in Sources */,
				9A67BB9B1A66B9660045510B /* AppDelegate.swift in Sources */,
				9A67BBD91A6706AF0045510B /* PhotoPageContentVC.swift in Sources */,
				9AF6FC851A6EE16400A8EDFB /* CommonVC.swift in Sources */,
				9AF6FC611A6D9B6900A8EDFB /* ServiceSearch.swift in Sources */,
				9AF6FC601A6D9B6900A8EDFB /* Service.swift in Sources */,
				9AF6FC471A6D9B5900A8EDFB /* WebSocket.swift in Sources */,
				9AF6FC291A6D525700A8EDFB /* HomePhotoGalleryCVC.swift in Sources */,
			);
			runOnlyForDeploymentPostprocessing = 0;
		};
		9A67BBA61A66B9660045510B /* Sources */ = {
			isa = PBXSourcesBuildPhase;
			buildActionMask = 2147483647;
			files = (
				9A67BBB11A66B9660045510B /* multiscreen_demoTests.swift in Sources */,
			);
			runOnlyForDeploymentPostprocessing = 0;
		};
/* End PBXSourcesBuildPhase section */

/* Begin PBXTargetDependency section */
		9A67BBAC1A66B9660045510B /* PBXTargetDependency */ = {
			isa = PBXTargetDependency;
			target = 9A67BB941A66B9660045510B /* PhotoShare */;
			targetProxy = 9A67BBAB1A66B9660045510B /* PBXContainerItemProxy */;
		};
/* End PBXTargetDependency section */

/* Begin PBXVariantGroup section */
		9A67BB9E1A66B9660045510B /* Main.storyboard */ = {
			isa = PBXVariantGroup;
			children = (
				9A67BB9F1A66B9660045510B /* Base */,
			);
			name = Main.storyboard;
			sourceTree = "<group>";
		};
		9A67BBA31A66B9660045510B /* LaunchScreen.xib */ = {
			isa = PBXVariantGroup;
			children = (
				9A67BBA41A66B9660045510B /* Base */,
			);
			name = LaunchScreen.xib;
			sourceTree = "<group>";
		};
/* End PBXVariantGroup section */

/* Begin XCBuildConfiguration section */
		9A67BBB21A66B9660045510B /* Debug */ = {
			isa = XCBuildConfiguration;
			buildSettings = {
				ALWAYS_SEARCH_USER_PATHS = NO;
				CLANG_CXX_LANGUAGE_STANDARD = "gnu++0x";
				CLANG_CXX_LIBRARY = "libc++";
				CLANG_ENABLE_MODULES = YES;
				CLANG_ENABLE_OBJC_ARC = YES;
				CLANG_WARN_BOOL_CONVERSION = YES;
				CLANG_WARN_CONSTANT_CONVERSION = YES;
				CLANG_WARN_DIRECT_OBJC_ISA_USAGE = YES_ERROR;
				CLANG_WARN_EMPTY_BODY = YES;
				CLANG_WARN_ENUM_CONVERSION = YES;
				CLANG_WARN_INT_CONVERSION = YES;
				CLANG_WARN_OBJC_ROOT_CLASS = YES_ERROR;
				CLANG_WARN_UNREACHABLE_CODE = YES;
				CLANG_WARN__DUPLICATE_METHOD_MATCH = YES;
				CODE_SIGN_IDENTITY = "iPhone Distribution: Koombea Inc.";
				"CODE_SIGN_IDENTITY[sdk=iphoneos*]" = "iPhone Developer";
				COPY_PHASE_STRIP = NO;
				ENABLE_STRICT_OBJC_MSGSEND = YES;
				GCC_C_LANGUAGE_STANDARD = gnu99;
				GCC_DYNAMIC_NO_PIC = NO;
				GCC_OPTIMIZATION_LEVEL = 0;
				GCC_PREPROCESSOR_DEFINITIONS = (
					"DEBUG=1",
					"$(inherited)",
				);
				GCC_SYMBOLS_PRIVATE_EXTERN = NO;
				GCC_WARN_64_TO_32_BIT_CONVERSION = YES;
				GCC_WARN_ABOUT_RETURN_TYPE = YES_ERROR;
				GCC_WARN_UNDECLARED_SELECTOR = YES;
				GCC_WARN_UNINITIALIZED_AUTOS = YES_AGGRESSIVE;
				GCC_WARN_UNUSED_FUNCTION = YES;
				GCC_WARN_UNUSED_VARIABLE = YES;
				IPHONEOS_DEPLOYMENT_TARGET = 7.0;
				MTL_ENABLE_DEBUG_INFO = YES;
				ONLY_ACTIVE_ARCH = YES;
				PROVISIONING_PROFILE = "202ccad9-c291-4ecc-ad7d-93866f44d60f";
				SDKROOT = iphoneos;
				SWIFT_OPTIMIZATION_LEVEL = "-Onone";
			};
			name = Debug;
		};
		9A67BBB31A66B9660045510B /* Release */ = {
			isa = XCBuildConfiguration;
			buildSettings = {
				ALWAYS_SEARCH_USER_PATHS = NO;
				CLANG_CXX_LANGUAGE_STANDARD = "gnu++0x";
				CLANG_CXX_LIBRARY = "libc++";
				CLANG_ENABLE_MODULES = YES;
				CLANG_ENABLE_OBJC_ARC = YES;
				CLANG_WARN_BOOL_CONVERSION = YES;
				CLANG_WARN_CONSTANT_CONVERSION = YES;
				CLANG_WARN_DIRECT_OBJC_ISA_USAGE = YES_ERROR;
				CLANG_WARN_EMPTY_BODY = YES;
				CLANG_WARN_ENUM_CONVERSION = YES;
				CLANG_WARN_INT_CONVERSION = YES;
				CLANG_WARN_OBJC_ROOT_CLASS = YES_ERROR;
				CLANG_WARN_UNREACHABLE_CODE = YES;
				CLANG_WARN__DUPLICATE_METHOD_MATCH = YES;
				CODE_SIGN_IDENTITY = "iPhone Distribution: Koombea Inc.";
				"CODE_SIGN_IDENTITY[sdk=iphoneos*]" = "iPhone Developer";
				COPY_PHASE_STRIP = YES;
				ENABLE_NS_ASSERTIONS = NO;
				ENABLE_STRICT_OBJC_MSGSEND = YES;
				GCC_C_LANGUAGE_STANDARD = gnu99;
				GCC_WARN_64_TO_32_BIT_CONVERSION = YES;
				GCC_WARN_ABOUT_RETURN_TYPE = YES_ERROR;
				GCC_WARN_UNDECLARED_SELECTOR = YES;
				GCC_WARN_UNINITIALIZED_AUTOS = YES_AGGRESSIVE;
				GCC_WARN_UNUSED_FUNCTION = YES;
				GCC_WARN_UNUSED_VARIABLE = YES;
				IPHONEOS_DEPLOYMENT_TARGET = 7.0;
				MTL_ENABLE_DEBUG_INFO = NO;
				PROVISIONING_PROFILE = "202ccad9-c291-4ecc-ad7d-93866f44d60f";
				SDKROOT = iphoneos;
				VALIDATE_PRODUCT = YES;
			};
			name = Release;
		};
		9A67BBB51A66B9660045510B /* Debug */ = {
			isa = XCBuildConfiguration;
			buildSettings = {
				ASSETCATALOG_COMPILER_APPICON_NAME = AppIcon;
				CODE_SIGN_IDENTITY = "iPhone Distribution: Koombea Inc.";
				INFOPLIST_FILE = "multiscreen-demo/Info.plist";
				LD_RUNPATH_SEARCH_PATHS = "$(inherited) @executable_path/Frameworks";
				PRODUCT_NAME = PhotoShare;
				PROVISIONING_PROFILE = "202ccad9-c291-4ecc-ad7d-93866f44d60f";
			};
			name = Debug;
		};
		9A67BBB61A66B9660045510B /* Release */ = {
			isa = XCBuildConfiguration;
			buildSettings = {
				ASSETCATALOG_COMPILER_APPICON_NAME = AppIcon;
				CODE_SIGN_IDENTITY = "iPhone Distribution: Koombea Inc.";
				INFOPLIST_FILE = "multiscreen-demo/Info.plist";
				LD_RUNPATH_SEARCH_PATHS = "$(inherited) @executable_path/Frameworks";
				PRODUCT_NAME = PhotoShare;
				PROVISIONING_PROFILE = "202ccad9-c291-4ecc-ad7d-93866f44d60f";
			};
			name = Release;
		};
		9A67BBB81A66B9660045510B /* Debug */ = {
			isa = XCBuildConfiguration;
			buildSettings = {
				BUNDLE_LOADER = "$(TEST_HOST)";
				CODE_SIGN_IDENTITY = "iPhone Developer";
				"CODE_SIGN_IDENTITY[sdk=iphoneos*]" = "iPhone Developer";
				FRAMEWORK_SEARCH_PATHS = (
					"$(SDKROOT)/Developer/Library/Frameworks",
					"$(inherited)",
				);
				GCC_PREPROCESSOR_DEFINITIONS = (
					"DEBUG=1",
					"$(inherited)",
				);
				INFOPLIST_FILE = "multiscreen-demoTests/Info.plist";
				LD_RUNPATH_SEARCH_PATHS = "$(inherited) @executable_path/Frameworks @loader_path/Frameworks";
				PRODUCT_NAME = PhotoShareTests;
				PROVISIONING_PROFILE = "";
				TEST_HOST = "$(BUILT_PRODUCTS_DIR)/multiscreen-demo.app/multiscreen-demo";
			};
			name = Debug;
		};
		9A67BBB91A66B9660045510B /* Release */ = {
			isa = XCBuildConfiguration;
			buildSettings = {
				BUNDLE_LOADER = "$(TEST_HOST)";
				CODE_SIGN_IDENTITY = "iPhone Developer";
				"CODE_SIGN_IDENTITY[sdk=iphoneos*]" = "iPhone Developer";
				FRAMEWORK_SEARCH_PATHS = (
					"$(SDKROOT)/Developer/Library/Frameworks",
					"$(inherited)",
				);
				INFOPLIST_FILE = "multiscreen-demoTests/Info.plist";
				LD_RUNPATH_SEARCH_PATHS = "$(inherited) @executable_path/Frameworks @loader_path/Frameworks";
				PRODUCT_NAME = PhotoShareTests;
				PROVISIONING_PROFILE = "";
				TEST_HOST = "$(BUILT_PRODUCTS_DIR)/multiscreen-demo.app/multiscreen-demo";
			};
			name = Release;
		};
/* End XCBuildConfiguration section */

/* Begin XCConfigurationList section */
		9A67BB901A66B9660045510B /* Build configuration list for PBXProject "PhotoShare" */ = {
			isa = XCConfigurationList;
			buildConfigurations = (
				9A67BBB21A66B9660045510B /* Debug */,
				9A67BBB31A66B9660045510B /* Release */,
			);
			defaultConfigurationIsVisible = 0;
			defaultConfigurationName = Release;
		};
		9A67BBB41A66B9660045510B /* Build configuration list for PBXNativeTarget "PhotoShare" */ = {
			isa = XCConfigurationList;
			buildConfigurations = (
				9A67BBB51A66B9660045510B /* Debug */,
				9A67BBB61A66B9660045510B /* Release */,
			);
			defaultConfigurationIsVisible = 0;
			defaultConfigurationName = Release;
		};
		9A67BBB71A66B9660045510B /* Build configuration list for PBXNativeTarget "PhotoShareTests" */ = {
			isa = XCConfigurationList;
			buildConfigurations = (
				9A67BBB81A66B9660045510B /* Debug */,
				9A67BBB91A66B9660045510B /* Release */,
			);
			defaultConfigurationIsVisible = 0;
			defaultConfigurationName = Release;
		};
/* End XCConfigurationList section */
	};
	rootObject = 9A67BB8D1A66B9660045510B /* Project object */;
}
